// !$*UTF8*$!
{
	archiveVersion = 1;
	classes = {
	};
	objectVersion = 51;
	objects = {

/* Begin PBXBuildFile section */
		0C07282125687512001EC941 /* PodClipLoader.swift in Sources */ = {isa = PBXBuildFile; fileRef = 0C07282025687512001EC941 /* PodClipLoader.swift */; };
		0C072841256876A9001EC941 /* GoogleService-Info.plist in Resources */ = {isa = PBXBuildFile; fileRef = 0C072840256876A9001EC941 /* GoogleService-Info.plist */; };
		0C07287D2568785A001EC941 /* AuthenticationManager.swift in Sources */ = {isa = PBXBuildFile; fileRef = 0C07287C2568785A001EC941 /* AuthenticationManager.swift */; };
		0C85B4E22565CFF3008F4998 /* CategoryTableCellViewModel.swift in Sources */ = {isa = PBXBuildFile; fileRef = 0C85B4E12565CFF3008F4998 /* CategoryTableCellViewModel.swift */; };
		0C85B4F32565D67E008F4998 /* PodcastClipViewModel.swift in Sources */ = {isa = PBXBuildFile; fileRef = 0C85B4F22565D67E008F4998 /* PodcastClipViewModel.swift */; };
		0C85B4FB2565D723008F4998 /* PodcastClipCellViewModel.swift in Sources */ = {isa = PBXBuildFile; fileRef = 0C85B4FA2565D723008F4998 /* PodcastClipCellViewModel.swift */; };
		0C85B50E2565DAC5008F4998 /* PodcastClipViewController.swift in Sources */ = {isa = PBXBuildFile; fileRef = 0C85B50C2565DAC5008F4998 /* PodcastClipViewController.swift */; };
		0C85B50F2565DAC5008F4998 /* PodcastClipViewController.xib in Resources */ = {isa = PBXBuildFile; fileRef = 0C85B50D2565DAC5008F4998 /* PodcastClipViewController.xib */; };
		0C86ECD8255B373400DBCC0A /* PodcastClipsTableViewController.swift in Sources */ = {isa = PBXBuildFile; fileRef = 0C86ECD7255B373400DBCC0A /* PodcastClipsTableViewController.swift */; };
		0C86ECE9255B379200DBCC0A /* PodcastClipTableViewCell.swift in Sources */ = {isa = PBXBuildFile; fileRef = 0C86ECE7255B379200DBCC0A /* PodcastClipTableViewCell.swift */; };
		0C86ECEA255B379200DBCC0A /* PodcastClipTableViewCell.xib in Resources */ = {isa = PBXBuildFile; fileRef = 0C86ECE8255B379200DBCC0A /* PodcastClipTableViewCell.xib */; };
		0C86ECF3255B37C900DBCC0A /* PodcastClipsTableViewModel.swift in Sources */ = {isa = PBXBuildFile; fileRef = 0C86ECF2255B37C900DBCC0A /* PodcastClipsTableViewModel.swift */; };
		0C86ECFC255B37E900DBCC0A /* PodcastClip.swift in Sources */ = {isa = PBXBuildFile; fileRef = 0C86ECFB255B37E900DBCC0A /* PodcastClip.swift */; };
		0C86ED05255B3A8700DBCC0A /* NotesTableViewController.swift in Sources */ = {isa = PBXBuildFile; fileRef = 0C86ED04255B3A8700DBCC0A /* NotesTableViewController.swift */; };
		0C86ED0B255B3AA500DBCC0A /* NoteTableViewCell.swift in Sources */ = {isa = PBXBuildFile; fileRef = 0C86ED09255B3AA500DBCC0A /* NoteTableViewCell.swift */; };
		0C86ED0C255B3AA500DBCC0A /* NoteTableViewCell.xib in Resources */ = {isa = PBXBuildFile; fileRef = 0C86ED0A255B3AA500DBCC0A /* NoteTableViewCell.xib */; };
		0C86ED11255B3AB200DBCC0A /* NoteTableViewModel.swift in Sources */ = {isa = PBXBuildFile; fileRef = 0C86ED10255B3AB200DBCC0A /* NoteTableViewModel.swift */; };
		0C86ED16255B3AB800DBCC0A /* Note.swift in Sources */ = {isa = PBXBuildFile; fileRef = 0C86ED15255B3AB800DBCC0A /* Note.swift */; };
		0C86ED2F255B3B3600DBCC0A /* NoteDetailTableViewController.swift in Sources */ = {isa = PBXBuildFile; fileRef = 0C86ED2E255B3B3600DBCC0A /* NoteDetailTableViewController.swift */; };
		0C86ED35255B3B5300DBCC0A /* NoteDetailTableViewCell.swift in Sources */ = {isa = PBXBuildFile; fileRef = 0C86ED33255B3B5300DBCC0A /* NoteDetailTableViewCell.swift */; };
		0C86ED36255B3B5300DBCC0A /* NoteDetailTableViewCell.xib in Resources */ = {isa = PBXBuildFile; fileRef = 0C86ED34255B3B5300DBCC0A /* NoteDetailTableViewCell.xib */; };
		0C86ED3B255B3B6400DBCC0A /* NoteDetailViewModel.swift in Sources */ = {isa = PBXBuildFile; fileRef = 0C86ED3A255B3B6400DBCC0A /* NoteDetailViewModel.swift */; };
		0C86ED45255B3C2C00DBCC0A /* DataManager.swift in Sources */ = {isa = PBXBuildFile; fileRef = 0C86ED44255B3C2C00DBCC0A /* DataManager.swift */; };
		0C86ED4D255B3C4B00DBCC0A /* ParentTableViewController.swift in Sources */ = {isa = PBXBuildFile; fileRef = 0C86ED4C255B3C4B00DBCC0A /* ParentTableViewController.swift */; };
		0C86ED52255B436500DBCC0A /* UserData.swift in Sources */ = {isa = PBXBuildFile; fileRef = 0C86ED51255B436500DBCC0A /* UserData.swift */; };
		0C86ED57255B43A700DBCC0A /* UserDataError.swift in Sources */ = {isa = PBXBuildFile; fileRef = 0C86ED56255B43A700DBCC0A /* UserDataError.swift */; };
		0C935BF8254387CA002C0701 /* AppDelegate.swift in Sources */ = {isa = PBXBuildFile; fileRef = 0C935BF7254387CA002C0701 /* AppDelegate.swift */; };
		0C935BFA254387CA002C0701 /* SceneDelegate.swift in Sources */ = {isa = PBXBuildFile; fileRef = 0C935BF9254387CA002C0701 /* SceneDelegate.swift */; };
		0C935BFF254387CA002C0701 /* Main.storyboard in Resources */ = {isa = PBXBuildFile; fileRef = 0C935BFD254387CA002C0701 /* Main.storyboard */; };
		0C935C01254387CC002C0701 /* Assets.xcassets in Resources */ = {isa = PBXBuildFile; fileRef = 0C935C00254387CC002C0701 /* Assets.xcassets */; };
		0C935C04254387CC002C0701 /* LaunchScreen.storyboard in Resources */ = {isa = PBXBuildFile; fileRef = 0C935C02254387CC002C0701 /* LaunchScreen.storyboard */; };
		0C935C0F254387CD002C0701 /* PodClipsTests.swift in Sources */ = {isa = PBXBuildFile; fileRef = 0C935C0E254387CD002C0701 /* PodClipsTests.swift */; };
		0C935C1A254387CD002C0701 /* PodClipsUITests.swift in Sources */ = {isa = PBXBuildFile; fileRef = 0C935C19254387CD002C0701 /* PodClipsUITests.swift */; };
		0C935C3B254389B4002C0701 /* CategoriesTableViewController.swift in Sources */ = {isa = PBXBuildFile; fileRef = 0C935C3A254389B4002C0701 /* CategoriesTableViewController.swift */; };
		0C935C4125438A30002C0701 /* CategoryTableViewCell.swift in Sources */ = {isa = PBXBuildFile; fileRef = 0C935C3F25438A30002C0701 /* CategoryTableViewCell.swift */; };
		0C935C4225438A30002C0701 /* CategoryTableViewCell.xib in Resources */ = {isa = PBXBuildFile; fileRef = 0C935C4025438A30002C0701 /* CategoryTableViewCell.xib */; };
		0C935C5C25438AFD002C0701 /* CategoriesTableViewModel.swift in Sources */ = {isa = PBXBuildFile; fileRef = 0C935C5B25438AFD002C0701 /* CategoriesTableViewModel.swift */; };
		0C935C6E25438B0D002C0701 /* Category.swift in Sources */ = {isa = PBXBuildFile; fileRef = 0C935C6D25438B0D002C0701 /* Category.swift */; };
		0CA9F39925783AC8008209BE /* Date+extension.swift in Sources */ = {isa = PBXBuildFile; fileRef = 0CA9F39825783AC8008209BE /* Date+extension.swift */; };
		18D6C9E9B6EA675604F3D9E5 /* Pods_PodClips_PodClipsUITests.framework in Frameworks */ = {isa = PBXBuildFile; fileRef = D738A630B73098AA05321A44 /* Pods_PodClips_PodClipsUITests.framework */; };
		5CECFD1C6D7920DCD0D0579E /* Pods_PodClipsTests.framework in Frameworks */ = {isa = PBXBuildFile; fileRef = 73E0F2A40B486F986C371098 /* Pods_PodClipsTests.framework */; };
		A90952A2E9C2F889986E0AAC /* Pods_PodClips.framework in Frameworks */ = {isa = PBXBuildFile; fileRef = A57F2C653F29F5EA61A9975A /* Pods_PodClips.framework */; };
/* End PBXBuildFile section */

/* Begin PBXContainerItemProxy section */
		0C935C0B254387CD002C0701 /* PBXContainerItemProxy */ = {
			isa = PBXContainerItemProxy;
			containerPortal = 0C935BEC254387CA002C0701 /* Project object */;
			proxyType = 1;
			remoteGlobalIDString = 0C935BF3254387CA002C0701;
			remoteInfo = PodClips;
		};
		0C935C16254387CD002C0701 /* PBXContainerItemProxy */ = {
			isa = PBXContainerItemProxy;
			containerPortal = 0C935BEC254387CA002C0701 /* Project object */;
			proxyType = 1;
			remoteGlobalIDString = 0C935BF3254387CA002C0701;
			remoteInfo = PodClips;
		};
/* End PBXContainerItemProxy section */

/* Begin PBXFileReference section */
		0C07282025687512001EC941 /* PodClipLoader.swift */ = {isa = PBXFileReference; lastKnownFileType = sourcecode.swift; path = PodClipLoader.swift; sourceTree = "<group>"; };
		0C072840256876A9001EC941 /* GoogleService-Info.plist */ = {isa = PBXFileReference; fileEncoding = 4; lastKnownFileType = text.plist.xml; path = "GoogleService-Info.plist"; sourceTree = "<group>"; };
		0C07287C2568785A001EC941 /* AuthenticationManager.swift */ = {isa = PBXFileReference; lastKnownFileType = sourcecode.swift; path = AuthenticationManager.swift; sourceTree = "<group>"; };
		0C85B4E12565CFF3008F4998 /* CategoryTableCellViewModel.swift */ = {isa = PBXFileReference; lastKnownFileType = sourcecode.swift; path = CategoryTableCellViewModel.swift; sourceTree = "<group>"; };
		0C85B4F22565D67E008F4998 /* PodcastClipViewModel.swift */ = {isa = PBXFileReference; lastKnownFileType = sourcecode.swift; path = PodcastClipViewModel.swift; sourceTree = "<group>"; };
		0C85B4FA2565D723008F4998 /* PodcastClipCellViewModel.swift */ = {isa = PBXFileReference; lastKnownFileType = sourcecode.swift; path = PodcastClipCellViewModel.swift; sourceTree = "<group>"; };
		0C85B50C2565DAC5008F4998 /* PodcastClipViewController.swift */ = {isa = PBXFileReference; lastKnownFileType = sourcecode.swift; path = PodcastClipViewController.swift; sourceTree = "<group>"; };
		0C85B50D2565DAC5008F4998 /* PodcastClipViewController.xib */ = {isa = PBXFileReference; lastKnownFileType = file.xib; path = PodcastClipViewController.xib; sourceTree = "<group>"; };
		0C86ECD7255B373400DBCC0A /* PodcastClipsTableViewController.swift */ = {isa = PBXFileReference; lastKnownFileType = sourcecode.swift; path = PodcastClipsTableViewController.swift; sourceTree = "<group>"; };
		0C86ECE7255B379200DBCC0A /* PodcastClipTableViewCell.swift */ = {isa = PBXFileReference; lastKnownFileType = sourcecode.swift; path = PodcastClipTableViewCell.swift; sourceTree = "<group>"; };
		0C86ECE8255B379200DBCC0A /* PodcastClipTableViewCell.xib */ = {isa = PBXFileReference; lastKnownFileType = file.xib; path = PodcastClipTableViewCell.xib; sourceTree = "<group>"; };
		0C86ECF2255B37C900DBCC0A /* PodcastClipsTableViewModel.swift */ = {isa = PBXFileReference; lastKnownFileType = sourcecode.swift; path = PodcastClipsTableViewModel.swift; sourceTree = "<group>"; };
		0C86ECFB255B37E900DBCC0A /* PodcastClip.swift */ = {isa = PBXFileReference; lastKnownFileType = sourcecode.swift; path = PodcastClip.swift; sourceTree = "<group>"; };
		0C86ED04255B3A8700DBCC0A /* NotesTableViewController.swift */ = {isa = PBXFileReference; lastKnownFileType = sourcecode.swift; path = NotesTableViewController.swift; sourceTree = "<group>"; };
		0C86ED09255B3AA500DBCC0A /* NoteTableViewCell.swift */ = {isa = PBXFileReference; lastKnownFileType = sourcecode.swift; path = NoteTableViewCell.swift; sourceTree = "<group>"; };
		0C86ED0A255B3AA500DBCC0A /* NoteTableViewCell.xib */ = {isa = PBXFileReference; lastKnownFileType = file.xib; path = NoteTableViewCell.xib; sourceTree = "<group>"; };
		0C86ED10255B3AB200DBCC0A /* NoteTableViewModel.swift */ = {isa = PBXFileReference; lastKnownFileType = sourcecode.swift; path = NoteTableViewModel.swift; sourceTree = "<group>"; };
		0C86ED15255B3AB800DBCC0A /* Note.swift */ = {isa = PBXFileReference; lastKnownFileType = sourcecode.swift; path = Note.swift; sourceTree = "<group>"; };
		0C86ED2E255B3B3600DBCC0A /* NoteDetailTableViewController.swift */ = {isa = PBXFileReference; lastKnownFileType = sourcecode.swift; path = NoteDetailTableViewController.swift; sourceTree = "<group>"; };
		0C86ED33255B3B5300DBCC0A /* NoteDetailTableViewCell.swift */ = {isa = PBXFileReference; lastKnownFileType = sourcecode.swift; path = NoteDetailTableViewCell.swift; sourceTree = "<group>"; };
		0C86ED34255B3B5300DBCC0A /* NoteDetailTableViewCell.xib */ = {isa = PBXFileReference; lastKnownFileType = file.xib; path = NoteDetailTableViewCell.xib; sourceTree = "<group>"; };
		0C86ED3A255B3B6400DBCC0A /* NoteDetailViewModel.swift */ = {isa = PBXFileReference; lastKnownFileType = sourcecode.swift; path = NoteDetailViewModel.swift; sourceTree = "<group>"; };
		0C86ED44255B3C2C00DBCC0A /* DataManager.swift */ = {isa = PBXFileReference; lastKnownFileType = sourcecode.swift; path = DataManager.swift; sourceTree = "<group>"; };
		0C86ED4C255B3C4B00DBCC0A /* ParentTableViewController.swift */ = {isa = PBXFileReference; lastKnownFileType = sourcecode.swift; path = ParentTableViewController.swift; sourceTree = "<group>"; };
		0C86ED51255B436500DBCC0A /* UserData.swift */ = {isa = PBXFileReference; lastKnownFileType = sourcecode.swift; path = UserData.swift; sourceTree = "<group>"; };
		0C86ED56255B43A700DBCC0A /* UserDataError.swift */ = {isa = PBXFileReference; lastKnownFileType = sourcecode.swift; path = UserDataError.swift; sourceTree = "<group>"; };
		0C935BF4254387CA002C0701 /* PodClips.app */ = {isa = PBXFileReference; explicitFileType = wrapper.application; includeInIndex = 0; path = PodClips.app; sourceTree = BUILT_PRODUCTS_DIR; };
		0C935BF7254387CA002C0701 /* AppDelegate.swift */ = {isa = PBXFileReference; lastKnownFileType = sourcecode.swift; path = AppDelegate.swift; sourceTree = "<group>"; };
		0C935BF9254387CA002C0701 /* SceneDelegate.swift */ = {isa = PBXFileReference; lastKnownFileType = sourcecode.swift; path = SceneDelegate.swift; sourceTree = "<group>"; };
		0C935BFE254387CA002C0701 /* Base */ = {isa = PBXFileReference; lastKnownFileType = file.storyboard; name = Base; path = Base.lproj/Main.storyboard; sourceTree = "<group>"; };
		0C935C00254387CC002C0701 /* Assets.xcassets */ = {isa = PBXFileReference; lastKnownFileType = folder.assetcatalog; path = Assets.xcassets; sourceTree = "<group>"; };
		0C935C03254387CC002C0701 /* Base */ = {isa = PBXFileReference; lastKnownFileType = file.storyboard; name = Base; path = Base.lproj/LaunchScreen.storyboard; sourceTree = "<group>"; };
		0C935C05254387CC002C0701 /* Info.plist */ = {isa = PBXFileReference; lastKnownFileType = text.plist.xml; path = Info.plist; sourceTree = "<group>"; };
		0C935C0A254387CD002C0701 /* PodClipsTests.xctest */ = {isa = PBXFileReference; explicitFileType = wrapper.cfbundle; includeInIndex = 0; path = PodClipsTests.xctest; sourceTree = BUILT_PRODUCTS_DIR; };
		0C935C0E254387CD002C0701 /* PodClipsTests.swift */ = {isa = PBXFileReference; lastKnownFileType = sourcecode.swift; path = PodClipsTests.swift; sourceTree = "<group>"; };
		0C935C10254387CD002C0701 /* Info.plist */ = {isa = PBXFileReference; lastKnownFileType = text.plist.xml; path = Info.plist; sourceTree = "<group>"; };
		0C935C15254387CD002C0701 /* PodClipsUITests.xctest */ = {isa = PBXFileReference; explicitFileType = wrapper.cfbundle; includeInIndex = 0; path = PodClipsUITests.xctest; sourceTree = BUILT_PRODUCTS_DIR; };
		0C935C19254387CD002C0701 /* PodClipsUITests.swift */ = {isa = PBXFileReference; lastKnownFileType = sourcecode.swift; path = PodClipsUITests.swift; sourceTree = "<group>"; };
		0C935C1B254387CD002C0701 /* Info.plist */ = {isa = PBXFileReference; lastKnownFileType = text.plist.xml; path = Info.plist; sourceTree = "<group>"; };
		0C935C3A254389B4002C0701 /* CategoriesTableViewController.swift */ = {isa = PBXFileReference; lastKnownFileType = sourcecode.swift; path = CategoriesTableViewController.swift; sourceTree = "<group>"; };
		0C935C3F25438A30002C0701 /* CategoryTableViewCell.swift */ = {isa = PBXFileReference; lastKnownFileType = sourcecode.swift; path = CategoryTableViewCell.swift; sourceTree = "<group>"; };
		0C935C4025438A30002C0701 /* CategoryTableViewCell.xib */ = {isa = PBXFileReference; lastKnownFileType = file.xib; path = CategoryTableViewCell.xib; sourceTree = "<group>"; };
		0C935C5B25438AFD002C0701 /* CategoriesTableViewModel.swift */ = {isa = PBXFileReference; lastKnownFileType = sourcecode.swift; path = CategoriesTableViewModel.swift; sourceTree = "<group>"; };
		0C935C6D25438B0D002C0701 /* Category.swift */ = {isa = PBXFileReference; lastKnownFileType = sourcecode.swift; path = Category.swift; sourceTree = "<group>"; };
		0CA9F39825783AC8008209BE /* Date+extension.swift */ = {isa = PBXFileReference; lastKnownFileType = sourcecode.swift; path = "Date+extension.swift"; sourceTree = "<group>"; };
		2DDFE266D64416A888CD4D14 /* Pods-PodClips-PodClipsUITests.debug.xcconfig */ = {isa = PBXFileReference; includeInIndex = 1; lastKnownFileType = text.xcconfig; name = "Pods-PodClips-PodClipsUITests.debug.xcconfig"; path = "Target Support Files/Pods-PodClips-PodClipsUITests/Pods-PodClips-PodClipsUITests.debug.xcconfig"; sourceTree = "<group>"; };
		33619DCFD331CCB5DF624FCC /* Pods-PodClips.debug.xcconfig */ = {isa = PBXFileReference; includeInIndex = 1; lastKnownFileType = text.xcconfig; name = "Pods-PodClips.debug.xcconfig"; path = "Target Support Files/Pods-PodClips/Pods-PodClips.debug.xcconfig"; sourceTree = "<group>"; };
		73E0F2A40B486F986C371098 /* Pods_PodClipsTests.framework */ = {isa = PBXFileReference; explicitFileType = wrapper.framework; includeInIndex = 0; path = Pods_PodClipsTests.framework; sourceTree = BUILT_PRODUCTS_DIR; };
		9156D3DEEA73EF0B0527E52C /* Pods-PodClipsTests.release.xcconfig */ = {isa = PBXFileReference; includeInIndex = 1; lastKnownFileType = text.xcconfig; name = "Pods-PodClipsTests.release.xcconfig"; path = "Target Support Files/Pods-PodClipsTests/Pods-PodClipsTests.release.xcconfig"; sourceTree = "<group>"; };
		A57F2C653F29F5EA61A9975A /* Pods_PodClips.framework */ = {isa = PBXFileReference; explicitFileType = wrapper.framework; includeInIndex = 0; path = Pods_PodClips.framework; sourceTree = BUILT_PRODUCTS_DIR; };
		D3CA1095924AB853F81922B8 /* Pods-PodClips.release.xcconfig */ = {isa = PBXFileReference; includeInIndex = 1; lastKnownFileType = text.xcconfig; name = "Pods-PodClips.release.xcconfig"; path = "Target Support Files/Pods-PodClips/Pods-PodClips.release.xcconfig"; sourceTree = "<group>"; };
		D738A630B73098AA05321A44 /* Pods_PodClips_PodClipsUITests.framework */ = {isa = PBXFileReference; explicitFileType = wrapper.framework; includeInIndex = 0; path = Pods_PodClips_PodClipsUITests.framework; sourceTree = BUILT_PRODUCTS_DIR; };
		E5A78C56153FC09A8E4D6D8A /* Pods-PodClips-PodClipsUITests.release.xcconfig */ = {isa = PBXFileReference; includeInIndex = 1; lastKnownFileType = text.xcconfig; name = "Pods-PodClips-PodClipsUITests.release.xcconfig"; path = "Target Support Files/Pods-PodClips-PodClipsUITests/Pods-PodClips-PodClipsUITests.release.xcconfig"; sourceTree = "<group>"; };
		FF783DBFD4B6EB12A158099C /* Pods-PodClipsTests.debug.xcconfig */ = {isa = PBXFileReference; includeInIndex = 1; lastKnownFileType = text.xcconfig; name = "Pods-PodClipsTests.debug.xcconfig"; path = "Target Support Files/Pods-PodClipsTests/Pods-PodClipsTests.debug.xcconfig"; sourceTree = "<group>"; };
/* End PBXFileReference section */

/* Begin PBXFrameworksBuildPhase section */
		0C935BF1254387CA002C0701 /* Frameworks */ = {
			isa = PBXFrameworksBuildPhase;
			buildActionMask = 2147483647;
			files = (
				A90952A2E9C2F889986E0AAC /* Pods_PodClips.framework in Frameworks */,
			);
			runOnlyForDeploymentPostprocessing = 0;
		};
		0C935C07254387CD002C0701 /* Frameworks */ = {
			isa = PBXFrameworksBuildPhase;
			buildActionMask = 2147483647;
			files = (
				5CECFD1C6D7920DCD0D0579E /* Pods_PodClipsTests.framework in Frameworks */,
			);
			runOnlyForDeploymentPostprocessing = 0;
		};
		0C935C12254387CD002C0701 /* Frameworks */ = {
			isa = PBXFrameworksBuildPhase;
			buildActionMask = 2147483647;
			files = (
				18D6C9E9B6EA675604F3D9E5 /* Pods_PodClips_PodClipsUITests.framework in Frameworks */,
			);
			runOnlyForDeploymentPostprocessing = 0;
		};
/* End PBXFrameworksBuildPhase section */

/* Begin PBXGroup section */
		0C07288125687AB2001EC941 /* ViewControllers */ = {
			isa = PBXGroup;
			children = (
				0C07288325687AC3001EC941 /* Code */,
				0C07288225687ABA001EC941 /* Storyboards */,
			);
			path = ViewControllers;
			sourceTree = "<group>";
		};
		0C07288225687ABA001EC941 /* Storyboards */ = {
			isa = PBXGroup;
			children = (
				0C85B50D2565DAC5008F4998 /* PodcastClipViewController.xib */,
				0C86ECE8255B379200DBCC0A /* PodcastClipTableViewCell.xib */,
			);
			path = Storyboards;
			sourceTree = "<group>";
		};
		0C07288325687AC3001EC941 /* Code */ = {
			isa = PBXGroup;
			children = (
				0C86ED4C255B3C4B00DBCC0A /* ParentTableViewController.swift */,
				0C86ECD7255B373400DBCC0A /* PodcastClipsTableViewController.swift */,
				0C85B50C2565DAC5008F4998 /* PodcastClipViewController.swift */,
				0C86ED04255B3A8700DBCC0A /* NotesTableViewController.swift */,
				0C86ED2E255B3B3600DBCC0A /* NoteDetailTableViewController.swift */,
				0C935C3A254389B4002C0701 /* CategoriesTableViewController.swift */,
			);
			path = Code;
			sourceTree = "<group>";
		};
		0C07288425687B01001EC941 /* TableViewCells */ = {
			isa = PBXGroup;
			children = (
				0C07288525687B0B001EC941 /* Code */,
				0C07288625687B0E001EC941 /* Storyboards */,
			);
			path = TableViewCells;
			sourceTree = "<group>";
		};
		0C07288525687B0B001EC941 /* Code */ = {
			isa = PBXGroup;
			children = (
				0C86ECE7255B379200DBCC0A /* PodcastClipTableViewCell.swift */,
				0C86ED09255B3AA500DBCC0A /* NoteTableViewCell.swift */,
				0C86ED33255B3B5300DBCC0A /* NoteDetailTableViewCell.swift */,
				0C935C3F25438A30002C0701 /* CategoryTableViewCell.swift */,
			);
			path = Code;
			sourceTree = "<group>";
		};
		0C07288625687B0E001EC941 /* Storyboards */ = {
			isa = PBXGroup;
			children = (
				0C86ED0A255B3AA500DBCC0A /* NoteTableViewCell.xib */,
				0C86ED34255B3B5300DBCC0A /* NoteDetailTableViewCell.xib */,
				0C935C4025438A30002C0701 /* CategoryTableViewCell.xib */,
			);
			path = Storyboards;
			sourceTree = "<group>";
		};
		0C07288725687B4C001EC941 /* ViewModels */ = {
			isa = PBXGroup;
			children = (
				0C86ED10255B3AB200DBCC0A /* NoteTableViewModel.swift */,
				0C86ED3A255B3B6400DBCC0A /* NoteDetailViewModel.swift */,
				0C86ECF2255B37C900DBCC0A /* PodcastClipsTableViewModel.swift */,
				0C85B4F22565D67E008F4998 /* PodcastClipViewModel.swift */,
				0C85B4FA2565D723008F4998 /* PodcastClipCellViewModel.swift */,
				0C935C5B25438AFD002C0701 /* CategoriesTableViewModel.swift */,
				0C85B4E12565CFF3008F4998 /* CategoryTableCellViewModel.swift */,
			);
			path = ViewModels;
			sourceTree = "<group>";
		};
		0C07288825687B66001EC941 /* Models */ = {
			isa = PBXGroup;
			children = (
				0C86ED51255B436500DBCC0A /* UserData.swift */,
				0C86ED56255B43A700DBCC0A /* UserDataError.swift */,
				0C935C6D25438B0D002C0701 /* Category.swift */,
				0C86ECFB255B37E900DBCC0A /* PodcastClip.swift */,
				0C86ED15255B3AB800DBCC0A /* Note.swift */,
			);
			path = Models;
			sourceTree = "<group>";
		};
		0C07288925687B86001EC941 /* LifeCycle */ = {
			isa = PBXGroup;
			children = (
				0C935BF7254387CA002C0701 /* AppDelegate.swift */,
				0C935BF9254387CA002C0701 /* SceneDelegate.swift */,
			);
			path = LifeCycle;
			sourceTree = "<group>";
		};
		0C07288A25687B93001EC941 /* Storyboards */ = {
			isa = PBXGroup;
			children = (
				0C935BFD254387CA002C0701 /* Main.storyboard */,
				0C935C02254387CC002C0701 /* LaunchScreen.storyboard */,
			);
			path = Storyboards;
			sourceTree = "<group>";
		};
		0C07288B25687B9F001EC941 /* Managers */ = {
			isa = PBXGroup;
			children = (
				0C86ED44255B3C2C00DBCC0A /* DataManager.swift */,
				0C07282025687512001EC941 /* PodClipLoader.swift */,
				0C07287C2568785A001EC941 /* AuthenticationManager.swift */,
			);
			path = Managers;
			sourceTree = "<group>";
		};
		0C07288C25687BB4001EC941 /* SupportFiles */ = {
			isa = PBXGroup;
			children = (
				0C935C00254387CC002C0701 /* Assets.xcassets */,
				0C935C05254387CC002C0701 /* Info.plist */,
				0C072840256876A9001EC941 /* GoogleService-Info.plist */,
			);
			path = SupportFiles;
			sourceTree = "<group>";
		};
		0C935BEB254387CA002C0701 = {
			isa = PBXGroup;
			children = (
				0C935BF6254387CA002C0701 /* PodClips */,
				0C935C0D254387CD002C0701 /* PodClipsTests */,
				0C935C18254387CD002C0701 /* PodClipsUITests */,
				0C935BF5254387CA002C0701 /* Products */,
				CBBCB456F44C1193BA2B538B /* Pods */,
				5231745CE40DF18BC00F4484 /* Frameworks */,
			);
			sourceTree = "<group>";
		};
		0C935BF5254387CA002C0701 /* Products */ = {
			isa = PBXGroup;
			children = (
				0C935BF4254387CA002C0701 /* PodClips.app */,
				0C935C0A254387CD002C0701 /* PodClipsTests.xctest */,
				0C935C15254387CD002C0701 /* PodClipsUITests.xctest */,
			);
			name = Products;
			sourceTree = "<group>";
		};
		0C935BF6254387CA002C0701 /* PodClips */ = {
			isa = PBXGroup;
			children = (
				0C07288925687B86001EC941 /* LifeCycle */,
				0C07288A25687B93001EC941 /* Storyboards */,
				0C07288125687AB2001EC941 /* ViewControllers */,
				0C07288725687B4C001EC941 /* ViewModels */,
				0C07288425687B01001EC941 /* TableViewCells */,
				0C07288B25687B9F001EC941 /* Managers */,
				0C07288825687B66001EC941 /* Models */,
				0CA9F39725783AB3008209BE /* Extensions */,
				0C07288C25687BB4001EC941 /* SupportFiles */,
			);
			path = PodClips;
			sourceTree = "<group>";
		};
		0C935C0D254387CD002C0701 /* PodClipsTests */ = {
			isa = PBXGroup;
			children = (
				0C935C0E254387CD002C0701 /* PodClipsTests.swift */,
				0C935C10254387CD002C0701 /* Info.plist */,
			);
			path = PodClipsTests;
			sourceTree = "<group>";
		};
		0C935C18254387CD002C0701 /* PodClipsUITests */ = {
			isa = PBXGroup;
			children = (
				0C935C19254387CD002C0701 /* PodClipsUITests.swift */,
				0C935C1B254387CD002C0701 /* Info.plist */,
			);
			path = PodClipsUITests;
			sourceTree = "<group>";
		};
		0CA9F39725783AB3008209BE /* Extensions */ = {
			isa = PBXGroup;
			children = (
				0CA9F39825783AC8008209BE /* Date+extension.swift */,
			);
			path = Extensions;
			sourceTree = "<group>";
		};
		5231745CE40DF18BC00F4484 /* Frameworks */ = {
			isa = PBXGroup;
			children = (
				A57F2C653F29F5EA61A9975A /* Pods_PodClips.framework */,
				D738A630B73098AA05321A44 /* Pods_PodClips_PodClipsUITests.framework */,
				73E0F2A40B486F986C371098 /* Pods_PodClipsTests.framework */,
			);
			name = Frameworks;
			sourceTree = "<group>";
		};
		CBBCB456F44C1193BA2B538B /* Pods */ = {
			isa = PBXGroup;
			children = (
				33619DCFD331CCB5DF624FCC /* Pods-PodClips.debug.xcconfig */,
				D3CA1095924AB853F81922B8 /* Pods-PodClips.release.xcconfig */,
				2DDFE266D64416A888CD4D14 /* Pods-PodClips-PodClipsUITests.debug.xcconfig */,
				E5A78C56153FC09A8E4D6D8A /* Pods-PodClips-PodClipsUITests.release.xcconfig */,
				FF783DBFD4B6EB12A158099C /* Pods-PodClipsTests.debug.xcconfig */,
				9156D3DEEA73EF0B0527E52C /* Pods-PodClipsTests.release.xcconfig */,
			);
			path = Pods;
			sourceTree = "<group>";
		};
/* End PBXGroup section */

/* Begin PBXNativeTarget section */
		0C935BF3254387CA002C0701 /* PodClips */ = {
			isa = PBXNativeTarget;
			buildConfigurationList = 0C935C1E254387CD002C0701 /* Build configuration list for PBXNativeTarget "PodClips" */;
			buildPhases = (
				9BB475FC16D9C2DC1948AF59 /* [CP] Check Pods Manifest.lock */,
				0C935BF0254387CA002C0701 /* Sources */,
				0C935BF1254387CA002C0701 /* Frameworks */,
				0C935BF2254387CA002C0701 /* Resources */,
				0F762B4FE6B2B6533EF50DB9 /* [CP] Embed Pods Frameworks */,
			);
			buildRules = (
			);
			dependencies = (
			);
			name = PodClips;
			productName = PodClips;
			productReference = 0C935BF4254387CA002C0701 /* PodClips.app */;
			productType = "com.apple.product-type.application";
		};
		0C935C09254387CD002C0701 /* PodClipsTests */ = {
			isa = PBXNativeTarget;
			buildConfigurationList = 0C935C21254387CD002C0701 /* Build configuration list for PBXNativeTarget "PodClipsTests" */;
			buildPhases = (
				D5207317193CA4F93F7895DB /* [CP] Check Pods Manifest.lock */,
				0C935C06254387CD002C0701 /* Sources */,
				0C935C07254387CD002C0701 /* Frameworks */,
				0C935C08254387CD002C0701 /* Resources */,
			);
			buildRules = (
			);
			dependencies = (
				0C935C0C254387CD002C0701 /* PBXTargetDependency */,
			);
			name = PodClipsTests;
			productName = PodClipsTests;
			productReference = 0C935C0A254387CD002C0701 /* PodClipsTests.xctest */;
			productType = "com.apple.product-type.bundle.unit-test";
		};
		0C935C14254387CD002C0701 /* PodClipsUITests */ = {
			isa = PBXNativeTarget;
			buildConfigurationList = 0C935C24254387CD002C0701 /* Build configuration list for PBXNativeTarget "PodClipsUITests" */;
			buildPhases = (
				4BDDDD61DA85ECA6F7270851 /* [CP] Check Pods Manifest.lock */,
				0C935C11254387CD002C0701 /* Sources */,
				0C935C12254387CD002C0701 /* Frameworks */,
				0C935C13254387CD002C0701 /* Resources */,
				3A57DA6C2578C494E6A88AED /* [CP] Embed Pods Frameworks */,
			);
			buildRules = (
			);
			dependencies = (
				0C935C17254387CD002C0701 /* PBXTargetDependency */,
			);
			name = PodClipsUITests;
			productName = PodClipsUITests;
			productReference = 0C935C15254387CD002C0701 /* PodClipsUITests.xctest */;
			productType = "com.apple.product-type.bundle.ui-testing";
		};
/* End PBXNativeTarget section */

/* Begin PBXProject section */
		0C935BEC254387CA002C0701 /* Project object */ = {
			isa = PBXProject;
			attributes = {
				LastSwiftUpdateCheck = 1210;
				LastUpgradeCheck = 1210;
				TargetAttributes = {
					0C935BF3254387CA002C0701 = {
						CreatedOnToolsVersion = 12.1;
					};
					0C935C09254387CD002C0701 = {
						CreatedOnToolsVersion = 12.1;
						TestTargetID = 0C935BF3254387CA002C0701;
					};
					0C935C14254387CD002C0701 = {
						CreatedOnToolsVersion = 12.1;
						TestTargetID = 0C935BF3254387CA002C0701;
					};
				};
			};
			buildConfigurationList = 0C935BEF254387CA002C0701 /* Build configuration list for PBXProject "PodClips" */;
			compatibilityVersion = "Xcode 9.3";
			developmentRegion = en;
			hasScannedForEncodings = 0;
			knownRegions = (
				en,
				Base,
			);
			mainGroup = 0C935BEB254387CA002C0701;
			productRefGroup = 0C935BF5254387CA002C0701 /* Products */;
			projectDirPath = "";
			projectRoot = "";
			targets = (
				0C935BF3254387CA002C0701 /* PodClips */,
				0C935C09254387CD002C0701 /* PodClipsTests */,
				0C935C14254387CD002C0701 /* PodClipsUITests */,
			);
		};
/* End PBXProject section */

/* Begin PBXResourcesBuildPhase section */
		0C935BF2254387CA002C0701 /* Resources */ = {
			isa = PBXResourcesBuildPhase;
			buildActionMask = 2147483647;
			files = (
				0C935C04254387CC002C0701 /* LaunchScreen.storyboard in Resources */,
				0C935C01254387CC002C0701 /* Assets.xcassets in Resources */,
				0C072841256876A9001EC941 /* GoogleService-Info.plist in Resources */,
				0C86ECEA255B379200DBCC0A /* PodcastClipTableViewCell.xib in Resources */,
				0C86ED36255B3B5300DBCC0A /* NoteDetailTableViewCell.xib in Resources */,
				0C86ED0C255B3AA500DBCC0A /* NoteTableViewCell.xib in Resources */,
				0C935BFF254387CA002C0701 /* Main.storyboard in Resources */,
				0C85B50F2565DAC5008F4998 /* PodcastClipViewController.xib in Resources */,
				0C935C4225438A30002C0701 /* CategoryTableViewCell.xib in Resources */,
			);
			runOnlyForDeploymentPostprocessing = 0;
		};
		0C935C08254387CD002C0701 /* Resources */ = {
			isa = PBXResourcesBuildPhase;
			buildActionMask = 2147483647;
			files = (
			);
			runOnlyForDeploymentPostprocessing = 0;
		};
		0C935C13254387CD002C0701 /* Resources */ = {
			isa = PBXResourcesBuildPhase;
			buildActionMask = 2147483647;
			files = (
			);
			runOnlyForDeploymentPostprocessing = 0;
		};
/* End PBXResourcesBuildPhase section */

/* Begin PBXShellScriptBuildPhase section */
		0F762B4FE6B2B6533EF50DB9 /* [CP] Embed Pods Frameworks */ = {
			isa = PBXShellScriptBuildPhase;
			buildActionMask = 2147483647;
			files = (
			);
			inputFileListPaths = (
				"${PODS_ROOT}/Target Support Files/Pods-PodClips/Pods-PodClips-frameworks-${CONFIGURATION}-input-files.xcfilelist",
			);
			name = "[CP] Embed Pods Frameworks";
			outputFileListPaths = (
				"${PODS_ROOT}/Target Support Files/Pods-PodClips/Pods-PodClips-frameworks-${CONFIGURATION}-output-files.xcfilelist",
			);
			runOnlyForDeploymentPostprocessing = 0;
			shellPath = /bin/sh;
			shellScript = "\"${PODS_ROOT}/Target Support Files/Pods-PodClips/Pods-PodClips-frameworks.sh\"\n";
			showEnvVarsInLog = 0;
		};
		3A57DA6C2578C494E6A88AED /* [CP] Embed Pods Frameworks */ = {
			isa = PBXShellScriptBuildPhase;
			buildActionMask = 2147483647;
			files = (
			);
			inputFileListPaths = (
				"${PODS_ROOT}/Target Support Files/Pods-PodClips-PodClipsUITests/Pods-PodClips-PodClipsUITests-frameworks-${CONFIGURATION}-input-files.xcfilelist",
			);
			name = "[CP] Embed Pods Frameworks";
			outputFileListPaths = (
				"${PODS_ROOT}/Target Support Files/Pods-PodClips-PodClipsUITests/Pods-PodClips-PodClipsUITests-frameworks-${CONFIGURATION}-output-files.xcfilelist",
			);
			runOnlyForDeploymentPostprocessing = 0;
			shellPath = /bin/sh;
			shellScript = "\"${PODS_ROOT}/Target Support Files/Pods-PodClips-PodClipsUITests/Pods-PodClips-PodClipsUITests-frameworks.sh\"\n";
			showEnvVarsInLog = 0;
		};
		4BDDDD61DA85ECA6F7270851 /* [CP] Check Pods Manifest.lock */ = {
			isa = PBXShellScriptBuildPhase;
			buildActionMask = 2147483647;
			files = (
			);
			inputFileListPaths = (
			);
			inputPaths = (
				"${PODS_PODFILE_DIR_PATH}/Podfile.lock",
				"${PODS_ROOT}/Manifest.lock",
			);
			name = "[CP] Check Pods Manifest.lock";
			outputFileListPaths = (
			);
			outputPaths = (
				"$(DERIVED_FILE_DIR)/Pods-PodClips-PodClipsUITests-checkManifestLockResult.txt",
			);
			runOnlyForDeploymentPostprocessing = 0;
			shellPath = /bin/sh;
			shellScript = "diff \"${PODS_PODFILE_DIR_PATH}/Podfile.lock\" \"${PODS_ROOT}/Manifest.lock\" > /dev/null\nif [ $? != 0 ] ; then\n    # print error to STDERR\n    echo \"error: The sandbox is not in sync with the Podfile.lock. Run 'pod install' or update your CocoaPods installation.\" >&2\n    exit 1\nfi\n# This output is used by Xcode 'outputs' to avoid re-running this script phase.\necho \"SUCCESS\" > \"${SCRIPT_OUTPUT_FILE_0}\"\n";
			showEnvVarsInLog = 0;
		};
		9BB475FC16D9C2DC1948AF59 /* [CP] Check Pods Manifest.lock */ = {
			isa = PBXShellScriptBuildPhase;
			buildActionMask = 2147483647;
			files = (
			);
			inputFileListPaths = (
			);
			inputPaths = (
				"${PODS_PODFILE_DIR_PATH}/Podfile.lock",
				"${PODS_ROOT}/Manifest.lock",
			);
			name = "[CP] Check Pods Manifest.lock";
			outputFileListPaths = (
			);
			outputPaths = (
				"$(DERIVED_FILE_DIR)/Pods-PodClips-checkManifestLockResult.txt",
			);
			runOnlyForDeploymentPostprocessing = 0;
			shellPath = /bin/sh;
			shellScript = "diff \"${PODS_PODFILE_DIR_PATH}/Podfile.lock\" \"${PODS_ROOT}/Manifest.lock\" > /dev/null\nif [ $? != 0 ] ; then\n    # print error to STDERR\n    echo \"error: The sandbox is not in sync with the Podfile.lock. Run 'pod install' or update your CocoaPods installation.\" >&2\n    exit 1\nfi\n# This output is used by Xcode 'outputs' to avoid re-running this script phase.\necho \"SUCCESS\" > \"${SCRIPT_OUTPUT_FILE_0}\"\n";
			showEnvVarsInLog = 0;
		};
		D5207317193CA4F93F7895DB /* [CP] Check Pods Manifest.lock */ = {
			isa = PBXShellScriptBuildPhase;
			buildActionMask = 2147483647;
			files = (
			);
			inputFileListPaths = (
			);
			inputPaths = (
				"${PODS_PODFILE_DIR_PATH}/Podfile.lock",
				"${PODS_ROOT}/Manifest.lock",
			);
			name = "[CP] Check Pods Manifest.lock";
			outputFileListPaths = (
			);
			outputPaths = (
				"$(DERIVED_FILE_DIR)/Pods-PodClipsTests-checkManifestLockResult.txt",
			);
			runOnlyForDeploymentPostprocessing = 0;
			shellPath = /bin/sh;
			shellScript = "diff \"${PODS_PODFILE_DIR_PATH}/Podfile.lock\" \"${PODS_ROOT}/Manifest.lock\" > /dev/null\nif [ $? != 0 ] ; then\n    # print error to STDERR\n    echo \"error: The sandbox is not in sync with the Podfile.lock. Run 'pod install' or update your CocoaPods installation.\" >&2\n    exit 1\nfi\n# This output is used by Xcode 'outputs' to avoid re-running this script phase.\necho \"SUCCESS\" > \"${SCRIPT_OUTPUT_FILE_0}\"\n";
			showEnvVarsInLog = 0;
		};
/* End PBXShellScriptBuildPhase section */

/* Begin PBXSourcesBuildPhase section */
		0C935BF0254387CA002C0701 /* Sources */ = {
			isa = PBXSourcesBuildPhase;
			buildActionMask = 2147483647;
			files = (
				0C935C4125438A30002C0701 /* CategoryTableViewCell.swift in Sources */,
				0C86ECE9255B379200DBCC0A /* PodcastClipTableViewCell.swift in Sources */,
				0C86ED2F255B3B3600DBCC0A /* NoteDetailTableViewController.swift in Sources */,
				0C85B4FB2565D723008F4998 /* PodcastClipCellViewModel.swift in Sources */,
				0C86ECF3255B37C900DBCC0A /* PodcastClipsTableViewModel.swift in Sources */,
				0C86ED4D255B3C4B00DBCC0A /* ParentTableViewController.swift in Sources */,
				0C86ED0B255B3AA500DBCC0A /* NoteTableViewCell.swift in Sources */,
				0C85B50E2565DAC5008F4998 /* PodcastClipViewController.swift in Sources */,
				0C86ECD8255B373400DBCC0A /* PodcastClipsTableViewController.swift in Sources */,
				0C86ECFC255B37E900DBCC0A /* PodcastClip.swift in Sources */,
				0C935BF8254387CA002C0701 /* AppDelegate.swift in Sources */,
				0C86ED11255B3AB200DBCC0A /* NoteTableViewModel.swift in Sources */,
				0C07287D2568785A001EC941 /* AuthenticationManager.swift in Sources */,
				0CA9F39925783AC8008209BE /* Date+extension.swift in Sources */,
				0C935BFA254387CA002C0701 /* SceneDelegate.swift in Sources */,
				0C86ED57255B43A700DBCC0A /* UserDataError.swift in Sources */,
				0C07282125687512001EC941 /* PodClipLoader.swift in Sources */,
				0C86ED35255B3B5300DBCC0A /* NoteDetailTableViewCell.swift in Sources */,
				0C86ED16255B3AB800DBCC0A /* Note.swift in Sources */,
				0C85B4E22565CFF3008F4998 /* CategoryTableCellViewModel.swift in Sources */,
				0C86ED3B255B3B6400DBCC0A /* NoteDetailViewModel.swift in Sources */,
				0C86ED45255B3C2C00DBCC0A /* DataManager.swift in Sources */,
				0C85B4F32565D67E008F4998 /* PodcastClipViewModel.swift in Sources */,
				0C935C5C25438AFD002C0701 /* CategoriesTableViewModel.swift in Sources */,
				0C935C3B254389B4002C0701 /* CategoriesTableViewController.swift in Sources */,
				0C935C6E25438B0D002C0701 /* Category.swift in Sources */,
				0C86ED52255B436500DBCC0A /* UserData.swift in Sources */,
				0C86ED05255B3A8700DBCC0A /* NotesTableViewController.swift in Sources */,
			);
			runOnlyForDeploymentPostprocessing = 0;
		};
		0C935C06254387CD002C0701 /* Sources */ = {
			isa = PBXSourcesBuildPhase;
			buildActionMask = 2147483647;
			files = (
				0C935C0F254387CD002C0701 /* PodClipsTests.swift in Sources */,
			);
			runOnlyForDeploymentPostprocessing = 0;
		};
		0C935C11254387CD002C0701 /* Sources */ = {
			isa = PBXSourcesBuildPhase;
			buildActionMask = 2147483647;
			files = (
				0C935C1A254387CD002C0701 /* PodClipsUITests.swift in Sources */,
			);
			runOnlyForDeploymentPostprocessing = 0;
		};
/* End PBXSourcesBuildPhase section */

/* Begin PBXTargetDependency section */
		0C935C0C254387CD002C0701 /* PBXTargetDependency */ = {
			isa = PBXTargetDependency;
			target = 0C935BF3254387CA002C0701 /* PodClips */;
			targetProxy = 0C935C0B254387CD002C0701 /* PBXContainerItemProxy */;
		};
		0C935C17254387CD002C0701 /* PBXTargetDependency */ = {
			isa = PBXTargetDependency;
			target = 0C935BF3254387CA002C0701 /* PodClips */;
			targetProxy = 0C935C16254387CD002C0701 /* PBXContainerItemProxy */;
		};
/* End PBXTargetDependency section */

/* Begin PBXVariantGroup section */
		0C935BFD254387CA002C0701 /* Main.storyboard */ = {
			isa = PBXVariantGroup;
			children = (
				0C935BFE254387CA002C0701 /* Base */,
			);
			name = Main.storyboard;
			sourceTree = "<group>";
		};
		0C935C02254387CC002C0701 /* LaunchScreen.storyboard */ = {
			isa = PBXVariantGroup;
			children = (
				0C935C03254387CC002C0701 /* Base */,
			);
			name = LaunchScreen.storyboard;
			sourceTree = "<group>";
		};
/* End PBXVariantGroup section */

/* Begin XCBuildConfiguration section */
		0C935C1C254387CD002C0701 /* Debug */ = {
			isa = XCBuildConfiguration;
			buildSettings = {
				ALWAYS_SEARCH_USER_PATHS = NO;
				CLANG_ANALYZER_NONNULL = YES;
				CLANG_ANALYZER_NUMBER_OBJECT_CONVERSION = YES_AGGRESSIVE;
				CLANG_CXX_LANGUAGE_STANDARD = "gnu++14";
				CLANG_CXX_LIBRARY = "libc++";
				CLANG_ENABLE_MODULES = YES;
				CLANG_ENABLE_OBJC_ARC = YES;
				CLANG_ENABLE_OBJC_WEAK = YES;
				CLANG_WARN_BLOCK_CAPTURE_AUTORELEASING = YES;
				CLANG_WARN_BOOL_CONVERSION = YES;
				CLANG_WARN_COMMA = YES;
				CLANG_WARN_CONSTANT_CONVERSION = YES;
				CLANG_WARN_DEPRECATED_OBJC_IMPLEMENTATIONS = YES;
				CLANG_WARN_DIRECT_OBJC_ISA_USAGE = YES_ERROR;
				CLANG_WARN_DOCUMENTATION_COMMENTS = YES;
				CLANG_WARN_EMPTY_BODY = YES;
				CLANG_WARN_ENUM_CONVERSION = YES;
				CLANG_WARN_INFINITE_RECURSION = YES;
				CLANG_WARN_INT_CONVERSION = YES;
				CLANG_WARN_NON_LITERAL_NULL_CONVERSION = YES;
				CLANG_WARN_OBJC_IMPLICIT_RETAIN_SELF = YES;
				CLANG_WARN_OBJC_LITERAL_CONVERSION = YES;
				CLANG_WARN_OBJC_ROOT_CLASS = YES_ERROR;
				CLANG_WARN_QUOTED_INCLUDE_IN_FRAMEWORK_HEADER = YES;
				CLANG_WARN_RANGE_LOOP_ANALYSIS = YES;
				CLANG_WARN_STRICT_PROTOTYPES = YES;
				CLANG_WARN_SUSPICIOUS_MOVE = YES;
				CLANG_WARN_UNGUARDED_AVAILABILITY = YES_AGGRESSIVE;
				CLANG_WARN_UNREACHABLE_CODE = YES;
				CLANG_WARN__DUPLICATE_METHOD_MATCH = YES;
				COPY_PHASE_STRIP = NO;
				DEBUG_INFORMATION_FORMAT = dwarf;
				ENABLE_STRICT_OBJC_MSGSEND = YES;
				ENABLE_TESTABILITY = YES;
				GCC_C_LANGUAGE_STANDARD = gnu11;
				GCC_DYNAMIC_NO_PIC = NO;
				GCC_NO_COMMON_BLOCKS = YES;
				GCC_OPTIMIZATION_LEVEL = 0;
				GCC_PREPROCESSOR_DEFINITIONS = (
					"DEBUG=1",
					"$(inherited)",
				);
				GCC_WARN_64_TO_32_BIT_CONVERSION = YES;
				GCC_WARN_ABOUT_RETURN_TYPE = YES_ERROR;
				GCC_WARN_UNDECLARED_SELECTOR = YES;
				GCC_WARN_UNINITIALIZED_AUTOS = YES_AGGRESSIVE;
				GCC_WARN_UNUSED_FUNCTION = YES;
				GCC_WARN_UNUSED_VARIABLE = YES;
				IPHONEOS_DEPLOYMENT_TARGET = 14.1;
				MTL_ENABLE_DEBUG_INFO = INCLUDE_SOURCE;
				MTL_FAST_MATH = YES;
				ONLY_ACTIVE_ARCH = YES;
				SDKROOT = iphoneos;
				SWIFT_ACTIVE_COMPILATION_CONDITIONS = DEBUG;
				SWIFT_OPTIMIZATION_LEVEL = "-Onone";
			};
			name = Debug;
		};
		0C935C1D254387CD002C0701 /* Release */ = {
			isa = XCBuildConfiguration;
			buildSettings = {
				ALWAYS_SEARCH_USER_PATHS = NO;
				CLANG_ANALYZER_NONNULL = YES;
				CLANG_ANALYZER_NUMBER_OBJECT_CONVERSION = YES_AGGRESSIVE;
				CLANG_CXX_LANGUAGE_STANDARD = "gnu++14";
				CLANG_CXX_LIBRARY = "libc++";
				CLANG_ENABLE_MODULES = YES;
				CLANG_ENABLE_OBJC_ARC = YES;
				CLANG_ENABLE_OBJC_WEAK = YES;
				CLANG_WARN_BLOCK_CAPTURE_AUTORELEASING = YES;
				CLANG_WARN_BOOL_CONVERSION = YES;
				CLANG_WARN_COMMA = YES;
				CLANG_WARN_CONSTANT_CONVERSION = YES;
				CLANG_WARN_DEPRECATED_OBJC_IMPLEMENTATIONS = YES;
				CLANG_WARN_DIRECT_OBJC_ISA_USAGE = YES_ERROR;
				CLANG_WARN_DOCUMENTATION_COMMENTS = YES;
				CLANG_WARN_EMPTY_BODY = YES;
				CLANG_WARN_ENUM_CONVERSION = YES;
				CLANG_WARN_INFINITE_RECURSION = YES;
				CLANG_WARN_INT_CONVERSION = YES;
				CLANG_WARN_NON_LITERAL_NULL_CONVERSION = YES;
				CLANG_WARN_OBJC_IMPLICIT_RETAIN_SELF = YES;
				CLANG_WARN_OBJC_LITERAL_CONVERSION = YES;
				CLANG_WARN_OBJC_ROOT_CLASS = YES_ERROR;
				CLANG_WARN_QUOTED_INCLUDE_IN_FRAMEWORK_HEADER = YES;
				CLANG_WARN_RANGE_LOOP_ANALYSIS = YES;
				CLANG_WARN_STRICT_PROTOTYPES = YES;
				CLANG_WARN_SUSPICIOUS_MOVE = YES;
				CLANG_WARN_UNGUARDED_AVAILABILITY = YES_AGGRESSIVE;
				CLANG_WARN_UNREACHABLE_CODE = YES;
				CLANG_WARN__DUPLICATE_METHOD_MATCH = YES;
				COPY_PHASE_STRIP = NO;
				DEBUG_INFORMATION_FORMAT = "dwarf-with-dsym";
				ENABLE_NS_ASSERTIONS = NO;
				ENABLE_STRICT_OBJC_MSGSEND = YES;
				GCC_C_LANGUAGE_STANDARD = gnu11;
				GCC_NO_COMMON_BLOCKS = YES;
				GCC_WARN_64_TO_32_BIT_CONVERSION = YES;
				GCC_WARN_ABOUT_RETURN_TYPE = YES_ERROR;
				GCC_WARN_UNDECLARED_SELECTOR = YES;
				GCC_WARN_UNINITIALIZED_AUTOS = YES_AGGRESSIVE;
				GCC_WARN_UNUSED_FUNCTION = YES;
				GCC_WARN_UNUSED_VARIABLE = YES;
				IPHONEOS_DEPLOYMENT_TARGET = 14.1;
				MTL_ENABLE_DEBUG_INFO = NO;
				MTL_FAST_MATH = YES;
				SDKROOT = iphoneos;
				SWIFT_COMPILATION_MODE = wholemodule;
				SWIFT_OPTIMIZATION_LEVEL = "-O";
				VALIDATE_PRODUCT = YES;
			};
			name = Release;
		};
		0C935C1F254387CD002C0701 /* Debug */ = {
			isa = XCBuildConfiguration;
			baseConfigurationReference = 33619DCFD331CCB5DF624FCC /* Pods-PodClips.debug.xcconfig */;
			buildSettings = {
				ASSETCATALOG_COMPILER_APPICON_NAME = AppIcon;
				ASSETCATALOG_COMPILER_GLOBAL_ACCENT_COLOR_NAME = AccentColor;
				CODE_SIGN_STYLE = Automatic;
				DEVELOPMENT_TEAM = CKZ7HZ294Y;
				INFOPLIST_FILE = PodClips/SupportFiles/Info.plist;
				LD_RUNPATH_SEARCH_PATHS = (
					"$(inherited)",
					"@executable_path/Frameworks",
				);
				PRODUCT_BUNDLE_IDENTIFIER = com.rossharding.PodClips;
				PRODUCT_NAME = "$(TARGET_NAME)";
				SWIFT_VERSION = 5.0;
				TARGETED_DEVICE_FAMILY = "1,2";
			};
			name = Debug;
		};
		0C935C20254387CD002C0701 /* Release */ = {
			isa = XCBuildConfiguration;
			baseConfigurationReference = D3CA1095924AB853F81922B8 /* Pods-PodClips.release.xcconfig */;
			buildSettings = {
				ASSETCATALOG_COMPILER_APPICON_NAME = AppIcon;
				ASSETCATALOG_COMPILER_GLOBAL_ACCENT_COLOR_NAME = AccentColor;
				CODE_SIGN_STYLE = Automatic;
				DEVELOPMENT_TEAM = CKZ7HZ294Y;
				INFOPLIST_FILE = PodClips/SupportFiles/Info.plist;
				LD_RUNPATH_SEARCH_PATHS = (
					"$(inherited)",
					"@executable_path/Frameworks",
				);
				PRODUCT_BUNDLE_IDENTIFIER = com.rossharding.PodClips;
				PRODUCT_NAME = "$(TARGET_NAME)";
				SWIFT_VERSION = 5.0;
				TARGETED_DEVICE_FAMILY = "1,2";
			};
			name = Release;
		};
		0C935C22254387CD002C0701 /* Debug */ = {
			isa = XCBuildConfiguration;
			baseConfigurationReference = FF783DBFD4B6EB12A158099C /* Pods-PodClipsTests.debug.xcconfig */;
			buildSettings = {
				ALWAYS_EMBED_SWIFT_STANDARD_LIBRARIES = YES;
				BUNDLE_LOADER = "$(TEST_HOST)";
				CODE_SIGN_STYLE = Automatic;
				DEVELOPMENT_TEAM = CKZ7HZ294Y;
				INFOPLIST_FILE = PodClipsTests/Info.plist;
				IPHONEOS_DEPLOYMENT_TARGET = 14.1;
				LD_RUNPATH_SEARCH_PATHS = (
					"$(inherited)",
					"@executable_path/Frameworks",
					"@loader_path/Frameworks",
				);
				PRODUCT_BUNDLE_IDENTIFIER = com.rossharding.PodClipsTests;
				PRODUCT_NAME = "$(TARGET_NAME)";
				SWIFT_VERSION = 5.0;
				TARGETED_DEVICE_FAMILY = "1,2";
				TEST_HOST = "$(BUILT_PRODUCTS_DIR)/PodClips.app/PodClips";
			};
			name = Debug;
		};
		0C935C23254387CD002C0701 /* Release */ = {
			isa = XCBuildConfiguration;
			baseConfigurationReference = 9156D3DEEA73EF0B0527E52C /* Pods-PodClipsTests.release.xcconfig */;
			buildSettings = {
				ALWAYS_EMBED_SWIFT_STANDARD_LIBRARIES = YES;
				BUNDLE_LOADER = "$(TEST_HOST)";
				CODE_SIGN_STYLE = Automatic;
				DEVELOPMENT_TEAM = CKZ7HZ294Y;
				INFOPLIST_FILE = PodClipsTests/Info.plist;
				IPHONEOS_DEPLOYMENT_TARGET = 14.1;
				LD_RUNPATH_SEARCH_PATHS = (
					"$(inherited)",
					"@executable_path/Frameworks",
					"@loader_path/Frameworks",
				);
				PRODUCT_BUNDLE_IDENTIFIER = com.rossharding.PodClipsTests;
				PRODUCT_NAME = "$(TARGET_NAME)";
				SWIFT_VERSION = 5.0;
				TARGETED_DEVICE_FAMILY = "1,2";
				TEST_HOST = "$(BUILT_PRODUCTS_DIR)/PodClips.app/PodClips";
			};
			name = Release;
		};
		0C935C25254387CD002C0701 /* Debug */ = {
			isa = XCBuildConfiguration;
			baseConfigurationReference = 2DDFE266D64416A888CD4D14 /* Pods-PodClips-PodClipsUITests.debug.xcconfig */;
			buildSettings = {
				ALWAYS_EMBED_SWIFT_STANDARD_LIBRARIES = YES;
				CODE_SIGN_STYLE = Automatic;
				DEVELOPMENT_TEAM = CKZ7HZ294Y;
				INFOPLIST_FILE = PodClipsUITests/Info.plist;
				LD_RUNPATH_SEARCH_PATHS = (
					"$(inherited)",
					"@executable_path/Frameworks",
					"@loader_path/Frameworks",
				);
				PRODUCT_BUNDLE_IDENTIFIER = com.rossharding.PodClipsUITests;
				PRODUCT_NAME = "$(TARGET_NAME)";
				SWIFT_VERSION = 5.0;
				TARGETED_DEVICE_FAMILY = "1,2";
				TEST_TARGET_NAME = PodClips;
			};
			name = Debug;
		};
		0C935C26254387CD002C0701 /* Release */ = {
			isa = XCBuildConfiguration;
			baseConfigurationReference = E5A78C56153FC09A8E4D6D8A /* Pods-PodClips-PodClipsUITests.release.xcconfig */;
			buildSettings = {
				ALWAYS_EMBED_SWIFT_STANDARD_LIBRARIES = YES;
				CODE_SIGN_STYLE = Automatic;
				DEVELOPMENT_TEAM = CKZ7HZ294Y;
				INFOPLIST_FILE = PodClipsUITests/Info.plist;
				LD_RUNPATH_SEARCH_PATHS = (
					"$(inherited)",
					"@executable_path/Frameworks",
					"@loader_path/Frameworks",
				);
				PRODUCT_BUNDLE_IDENTIFIER = com.rossharding.PodClipsUITests;
				PRODUCT_NAME = "$(TARGET_NAME)";
				SWIFT_VERSION = 5.0;
				TARGETED_DEVICE_FAMILY = "1,2";
				TEST_TARGET_NAME = PodClips;
			};
			name = Release;
		};
/* End XCBuildConfiguration section */

/* Begin XCConfigurationList section */
		0C935BEF254387CA002C0701 /* Build configuration list for PBXProject "PodClips" */ = {
			isa = XCConfigurationList;
			buildConfigurations = (
				0C935C1C254387CD002C0701 /* Debug */,
				0C935C1D254387CD002C0701 /* Release */,
			);
			defaultConfigurationIsVisible = 0;
			defaultConfigurationName = Release;
		};
		0C935C1E254387CD002C0701 /* Build configuration list for PBXNativeTarget "PodClips" */ = {
			isa = XCConfigurationList;
			buildConfigurations = (
				0C935C1F254387CD002C0701 /* Debug */,
				0C935C20254387CD002C0701 /* Release */,
			);
			defaultConfigurationIsVisible = 0;
			defaultConfigurationName = Release;
		};
		0C935C21254387CD002C0701 /* Build configuration list for PBXNativeTarget "PodClipsTests" */ = {
			isa = XCConfigurationList;
			buildConfigurations = (
				0C935C22254387CD002C0701 /* Debug */,
				0C935C23254387CD002C0701 /* Release */,
			);
			defaultConfigurationIsVisible = 0;
			defaultConfigurationName = Release;
		};
		0C935C24254387CD002C0701 /* Build configuration list for PBXNativeTarget "PodClipsUITests" */ = {
			isa = XCConfigurationList;
			buildConfigurations = (
				0C935C25254387CD002C0701 /* Debug */,
				0C935C26254387CD002C0701 /* Release */,
			);
			defaultConfigurationIsVisible = 0;
			defaultConfigurationName = Release;
		};
/* End XCConfigurationList section */
	};
	rootObject = 0C935BEC254387CA002C0701 /* Project object */;
}
