// !$*UTF8*$!
{
	archiveVersion = 1;
	classes = {
	};
	objectVersion = 50;
	objects = {

/* Begin PBXBuildFile section */
		0C86ECD8255B373400DBCC0A /* CategoryDetailTableViewController.swift in Sources */ = {isa = PBXBuildFile; fileRef = 0C86ECD7255B373400DBCC0A /* CategoryDetailTableViewController.swift */; };
		0C86ECE9255B379200DBCC0A /* CategoryDetailTableViewCell.swift in Sources */ = {isa = PBXBuildFile; fileRef = 0C86ECE7255B379200DBCC0A /* CategoryDetailTableViewCell.swift */; };
		0C86ECEA255B379200DBCC0A /* CategoryDetailTableViewCell.xib in Resources */ = {isa = PBXBuildFile; fileRef = 0C86ECE8255B379200DBCC0A /* CategoryDetailTableViewCell.xib */; };
		0C86ECF3255B37C900DBCC0A /* CategoryDetailTableViewModel.swift in Sources */ = {isa = PBXBuildFile; fileRef = 0C86ECF2255B37C900DBCC0A /* CategoryDetailTableViewModel.swift */; };
		0C86ECFC255B37E900DBCC0A /* PodcastClip.swift in Sources */ = {isa = PBXBuildFile; fileRef = 0C86ECFB255B37E900DBCC0A /* PodcastClip.swift */; };
		0C86ED05255B3A8700DBCC0A /* NotesTableViewController.swift in Sources */ = {isa = PBXBuildFile; fileRef = 0C86ED04255B3A8700DBCC0A /* NotesTableViewController.swift */; };
		0C86ED0B255B3AA500DBCC0A /* NoteTableViewCell.swift in Sources */ = {isa = PBXBuildFile; fileRef = 0C86ED09255B3AA500DBCC0A /* NoteTableViewCell.swift */; };
		0C86ED0C255B3AA500DBCC0A /* NoteTableViewCell.xib in Resources */ = {isa = PBXBuildFile; fileRef = 0C86ED0A255B3AA500DBCC0A /* NoteTableViewCell.xib */; };
		0C86ED11255B3AB200DBCC0A /* NoteTableViewModel.swift in Sources */ = {isa = PBXBuildFile; fileRef = 0C86ED10255B3AB200DBCC0A /* NoteTableViewModel.swift */; };
		0C86ED16255B3AB800DBCC0A /* Note.swift in Sources */ = {isa = PBXBuildFile; fileRef = 0C86ED15255B3AB800DBCC0A /* Note.swift */; };
		0C86ED2F255B3B3600DBCC0A /* NoteDetailTableViewController.swift in Sources */ = {isa = PBXBuildFile; fileRef = 0C86ED2E255B3B3600DBCC0A /* NoteDetailTableViewController.swift */; };
		0C86ED35255B3B5300DBCC0A /* NoteDetailTableViewCell.swift in Sources */ = {isa = PBXBuildFile; fileRef = 0C86ED33255B3B5300DBCC0A /* NoteDetailTableViewCell.swift */; };
		0C86ED36255B3B5300DBCC0A /* NoteDetailTableViewCell.xib in Resources */ = {isa = PBXBuildFile; fileRef = 0C86ED34255B3B5300DBCC0A /* NoteDetailTableViewCell.xib */; };
		0C86ED3B255B3B6400DBCC0A /* NoteDetailViewModel.swift in Sources */ = {isa = PBXBuildFile; fileRef = 0C86ED3A255B3B6400DBCC0A /* NoteDetailViewModel.swift */; };
		0C86ED45255B3C2C00DBCC0A /* DataManager.swift in Sources */ = {isa = PBXBuildFile; fileRef = 0C86ED44255B3C2C00DBCC0A /* DataManager.swift */; };
		0C86ED4D255B3C4B00DBCC0A /* ParentTableViewController.swift in Sources */ = {isa = PBXBuildFile; fileRef = 0C86ED4C255B3C4B00DBCC0A /* ParentTableViewController.swift */; };
		0C86ED52255B436500DBCC0A /* UserData.swift in Sources */ = {isa = PBXBuildFile; fileRef = 0C86ED51255B436500DBCC0A /* UserData.swift */; };
		0C86ED57255B43A700DBCC0A /* UserDataError.swift in Sources */ = {isa = PBXBuildFile; fileRef = 0C86ED56255B43A700DBCC0A /* UserDataError.swift */; };
		0C935BF8254387CA002C0701 /* AppDelegate.swift in Sources */ = {isa = PBXBuildFile; fileRef = 0C935BF7254387CA002C0701 /* AppDelegate.swift */; };
		0C935BFA254387CA002C0701 /* SceneDelegate.swift in Sources */ = {isa = PBXBuildFile; fileRef = 0C935BF9254387CA002C0701 /* SceneDelegate.swift */; };
		0C935BFF254387CA002C0701 /* Main.storyboard in Resources */ = {isa = PBXBuildFile; fileRef = 0C935BFD254387CA002C0701 /* Main.storyboard */; };
		0C935C01254387CC002C0701 /* Assets.xcassets in Resources */ = {isa = PBXBuildFile; fileRef = 0C935C00254387CC002C0701 /* Assets.xcassets */; };
		0C935C04254387CC002C0701 /* LaunchScreen.storyboard in Resources */ = {isa = PBXBuildFile; fileRef = 0C935C02254387CC002C0701 /* LaunchScreen.storyboard */; };
		0C935C0F254387CD002C0701 /* PodClipsTests.swift in Sources */ = {isa = PBXBuildFile; fileRef = 0C935C0E254387CD002C0701 /* PodClipsTests.swift */; };
		0C935C1A254387CD002C0701 /* PodClipsUITests.swift in Sources */ = {isa = PBXBuildFile; fileRef = 0C935C19254387CD002C0701 /* PodClipsUITests.swift */; };
		0C935C3B254389B4002C0701 /* CategoriesTableViewController.swift in Sources */ = {isa = PBXBuildFile; fileRef = 0C935C3A254389B4002C0701 /* CategoriesTableViewController.swift */; };
		0C935C4125438A30002C0701 /* CategoryTableViewCell.swift in Sources */ = {isa = PBXBuildFile; fileRef = 0C935C3F25438A30002C0701 /* CategoryTableViewCell.swift */; };
		0C935C4225438A30002C0701 /* CategoryTableViewCell.xib in Resources */ = {isa = PBXBuildFile; fileRef = 0C935C4025438A30002C0701 /* CategoryTableViewCell.xib */; };
		0C935C5C25438AFD002C0701 /* CategoriesTableViewModel.swift in Sources */ = {isa = PBXBuildFile; fileRef = 0C935C5B25438AFD002C0701 /* CategoriesTableViewModel.swift */; };
		0C935C6E25438B0D002C0701 /* Category.swift in Sources */ = {isa = PBXBuildFile; fileRef = 0C935C6D25438B0D002C0701 /* Category.swift */; };
/* End PBXBuildFile section */

/* Begin PBXContainerItemProxy section */
		0C935C0B254387CD002C0701 /* PBXContainerItemProxy */ = {
			isa = PBXContainerItemProxy;
			containerPortal = 0C935BEC254387CA002C0701 /* Project object */;
			proxyType = 1;
			remoteGlobalIDString = 0C935BF3254387CA002C0701;
			remoteInfo = PodClips;
		};
		0C935C16254387CD002C0701 /* PBXContainerItemProxy */ = {
			isa = PBXContainerItemProxy;
			containerPortal = 0C935BEC254387CA002C0701 /* Project object */;
			proxyType = 1;
			remoteGlobalIDString = 0C935BF3254387CA002C0701;
			remoteInfo = PodClips;
		};
/* End PBXContainerItemProxy section */

/* Begin PBXFileReference section */
		0C86ECD7255B373400DBCC0A /* CategoryDetailTableViewController.swift */ = {isa = PBXFileReference; lastKnownFileType = sourcecode.swift; path = CategoryDetailTableViewController.swift; sourceTree = "<group>"; };
		0C86ECE7255B379200DBCC0A /* CategoryDetailTableViewCell.swift */ = {isa = PBXFileReference; lastKnownFileType = sourcecode.swift; path = CategoryDetailTableViewCell.swift; sourceTree = "<group>"; };
		0C86ECE8255B379200DBCC0A /* CategoryDetailTableViewCell.xib */ = {isa = PBXFileReference; lastKnownFileType = file.xib; path = CategoryDetailTableViewCell.xib; sourceTree = "<group>"; };
		0C86ECF2255B37C900DBCC0A /* CategoryDetailTableViewModel.swift */ = {isa = PBXFileReference; lastKnownFileType = sourcecode.swift; path = CategoryDetailTableViewModel.swift; sourceTree = "<group>"; };
		0C86ECFB255B37E900DBCC0A /* PodcastClip.swift */ = {isa = PBXFileReference; lastKnownFileType = sourcecode.swift; path = PodcastClip.swift; sourceTree = "<group>"; };
		0C86ED04255B3A8700DBCC0A /* NotesTableViewController.swift */ = {isa = PBXFileReference; lastKnownFileType = sourcecode.swift; path = NotesTableViewController.swift; sourceTree = "<group>"; };
		0C86ED09255B3AA500DBCC0A /* NoteTableViewCell.swift */ = {isa = PBXFileReference; lastKnownFileType = sourcecode.swift; path = NoteTableViewCell.swift; sourceTree = "<group>"; };
		0C86ED0A255B3AA500DBCC0A /* NoteTableViewCell.xib */ = {isa = PBXFileReference; lastKnownFileType = file.xib; path = NoteTableViewCell.xib; sourceTree = "<group>"; };
		0C86ED10255B3AB200DBCC0A /* NoteTableViewModel.swift */ = {isa = PBXFileReference; lastKnownFileType = sourcecode.swift; path = NoteTableViewModel.swift; sourceTree = "<group>"; };
		0C86ED15255B3AB800DBCC0A /* Note.swift */ = {isa = PBXFileReference; lastKnownFileType = sourcecode.swift; path = Note.swift; sourceTree = "<group>"; };
		0C86ED2E255B3B3600DBCC0A /* NoteDetailTableViewController.swift */ = {isa = PBXFileReference; lastKnownFileType = sourcecode.swift; path = NoteDetailTableViewController.swift; sourceTree = "<group>"; };
		0C86ED33255B3B5300DBCC0A /* NoteDetailTableViewCell.swift */ = {isa = PBXFileReference; lastKnownFileType = sourcecode.swift; path = NoteDetailTableViewCell.swift; sourceTree = "<group>"; };
		0C86ED34255B3B5300DBCC0A /* NoteDetailTableViewCell.xib */ = {isa = PBXFileReference; lastKnownFileType = file.xib; path = NoteDetailTableViewCell.xib; sourceTree = "<group>"; };
		0C86ED3A255B3B6400DBCC0A /* NoteDetailViewModel.swift */ = {isa = PBXFileReference; lastKnownFileType = sourcecode.swift; path = NoteDetailViewModel.swift; sourceTree = "<group>"; };
		0C86ED44255B3C2C00DBCC0A /* DataManager.swift */ = {isa = PBXFileReference; lastKnownFileType = sourcecode.swift; path = DataManager.swift; sourceTree = "<group>"; };
		0C86ED4C255B3C4B00DBCC0A /* ParentTableViewController.swift */ = {isa = PBXFileReference; lastKnownFileType = sourcecode.swift; path = ParentTableViewController.swift; sourceTree = "<group>"; };
		0C86ED51255B436500DBCC0A /* UserData.swift */ = {isa = PBXFileReference; lastKnownFileType = sourcecode.swift; path = UserData.swift; sourceTree = "<group>"; };
		0C86ED56255B43A700DBCC0A /* UserDataError.swift */ = {isa = PBXFileReference; lastKnownFileType = sourcecode.swift; path = UserDataError.swift; sourceTree = "<group>"; };
		0C935BF4254387CA002C0701 /* PodClips.app */ = {isa = PBXFileReference; explicitFileType = wrapper.application; includeInIndex = 0; path = PodClips.app; sourceTree = BUILT_PRODUCTS_DIR; };
		0C935BF7254387CA002C0701 /* AppDelegate.swift */ = {isa = PBXFileReference; lastKnownFileType = sourcecode.swift; path = AppDelegate.swift; sourceTree = "<group>"; };
		0C935BF9254387CA002C0701 /* SceneDelegate.swift */ = {isa = PBXFileReference; lastKnownFileType = sourcecode.swift; path = SceneDelegate.swift; sourceTree = "<group>"; };
		0C935BFE254387CA002C0701 /* Base */ = {isa = PBXFileReference; lastKnownFileType = file.storyboard; name = Base; path = Base.lproj/Main.storyboard; sourceTree = "<group>"; };
		0C935C00254387CC002C0701 /* Assets.xcassets */ = {isa = PBXFileReference; lastKnownFileType = folder.assetcatalog; path = Assets.xcassets; sourceTree = "<group>"; };
		0C935C03254387CC002C0701 /* Base */ = {isa = PBXFileReference; lastKnownFileType = file.storyboard; name = Base; path = Base.lproj/LaunchScreen.storyboard; sourceTree = "<group>"; };
		0C935C05254387CC002C0701 /* Info.plist */ = {isa = PBXFileReference; lastKnownFileType = text.plist.xml; path = Info.plist; sourceTree = "<group>"; };
		0C935C0A254387CD002C0701 /* PodClipsTests.xctest */ = {isa = PBXFileReference; explicitFileType = wrapper.cfbundle; includeInIndex = 0; path = PodClipsTests.xctest; sourceTree = BUILT_PRODUCTS_DIR; };
		0C935C0E254387CD002C0701 /* PodClipsTests.swift */ = {isa = PBXFileReference; lastKnownFileType = sourcecode.swift; path = PodClipsTests.swift; sourceTree = "<group>"; };
		0C935C10254387CD002C0701 /* Info.plist */ = {isa = PBXFileReference; lastKnownFileType = text.plist.xml; path = Info.plist; sourceTree = "<group>"; };
		0C935C15254387CD002C0701 /* PodClipsUITests.xctest */ = {isa = PBXFileReference; explicitFileType = wrapper.cfbundle; includeInIndex = 0; path = PodClipsUITests.xctest; sourceTree = BUILT_PRODUCTS_DIR; };
		0C935C19254387CD002C0701 /* PodClipsUITests.swift */ = {isa = PBXFileReference; lastKnownFileType = sourcecode.swift; path = PodClipsUITests.swift; sourceTree = "<group>"; };
		0C935C1B254387CD002C0701 /* Info.plist */ = {isa = PBXFileReference; lastKnownFileType = text.plist.xml; path = Info.plist; sourceTree = "<group>"; };
		0C935C3A254389B4002C0701 /* CategoriesTableViewController.swift */ = {isa = PBXFileReference; lastKnownFileType = sourcecode.swift; path = CategoriesTableViewController.swift; sourceTree = "<group>"; };
		0C935C3F25438A30002C0701 /* CategoryTableViewCell.swift */ = {isa = PBXFileReference; lastKnownFileType = sourcecode.swift; path = CategoryTableViewCell.swift; sourceTree = "<group>"; };
		0C935C4025438A30002C0701 /* CategoryTableViewCell.xib */ = {isa = PBXFileReference; lastKnownFileType = file.xib; path = CategoryTableViewCell.xib; sourceTree = "<group>"; };
		0C935C5B25438AFD002C0701 /* CategoriesTableViewModel.swift */ = {isa = PBXFileReference; lastKnownFileType = sourcecode.swift; path = CategoriesTableViewModel.swift; sourceTree = "<group>"; };
		0C935C6D25438B0D002C0701 /* Category.swift */ = {isa = PBXFileReference; lastKnownFileType = sourcecode.swift; path = Category.swift; sourceTree = "<group>"; };
/* End PBXFileReference section */

/* Begin PBXFrameworksBuildPhase section */
		0C935BF1254387CA002C0701 /* Frameworks */ = {
			isa = PBXFrameworksBuildPhase;
			buildActionMask = 2147483647;
			files = (
			);
			runOnlyForDeploymentPostprocessing = 0;
		};
		0C935C07254387CD002C0701 /* Frameworks */ = {
			isa = PBXFrameworksBuildPhase;
			buildActionMask = 2147483647;
			files = (
			);
			runOnlyForDeploymentPostprocessing = 0;
		};
		0C935C12254387CD002C0701 /* Frameworks */ = {
			isa = PBXFrameworksBuildPhase;
			buildActionMask = 2147483647;
			files = (
			);
			runOnlyForDeploymentPostprocessing = 0;
		};
/* End PBXFrameworksBuildPhase section */

/* Begin PBXGroup section */
		0C86ECDC255B375000DBCC0A /* PodcastClips */ = {
			isa = PBXGroup;
			children = (
				0C86ECE3255B377C00DBCC0A /* ViewControllers */,
				0C86ECEE255B379700DBCC0A /* PodcastClipCells */,
				0C86ECF7255B37D100DBCC0A /* ViewModels */,
				0C86ED00255B37F300DBCC0A /* Models */,
			);
			path = PodcastClips;
			sourceTree = "<group>";
		};
		0C86ECE3255B377C00DBCC0A /* ViewControllers */ = {
			isa = PBXGroup;
			children = (
				0C86ECD7255B373400DBCC0A /* CategoryDetailTableViewController.swift */,
			);
			path = ViewControllers;
			sourceTree = "<group>";
		};
		0C86ECEE255B379700DBCC0A /* PodcastClipCells */ = {
			isa = PBXGroup;
			children = (
				0C86ECE7255B379200DBCC0A /* CategoryDetailTableViewCell.swift */,
				0C86ECE8255B379200DBCC0A /* CategoryDetailTableViewCell.xib */,
			);
			path = PodcastClipCells;
			sourceTree = "<group>";
		};
		0C86ECF7255B37D100DBCC0A /* ViewModels */ = {
			isa = PBXGroup;
			children = (
				0C86ECF2255B37C900DBCC0A /* CategoryDetailTableViewModel.swift */,
			);
			path = ViewModels;
			sourceTree = "<group>";
		};
		0C86ED00255B37F300DBCC0A /* Models */ = {
			isa = PBXGroup;
			children = (
				0C86ECFB255B37E900DBCC0A /* PodcastClip.swift */,
			);
			path = Models;
			sourceTree = "<group>";
		};
		0C86ED1A255B3ABD00DBCC0A /* Notes */ = {
			isa = PBXGroup;
			children = (
				0C86ED22255B3ACD00DBCC0A /* ViewControllers */,
				0C86ED1E255B3AC300DBCC0A /* NoteCells */,
				0C86ED26255B3AD400DBCC0A /* ViewModels */,
				0C86ED2A255B3AD900DBCC0A /* Models */,
			);
			path = Notes;
			sourceTree = "<group>";
		};
		0C86ED1E255B3AC300DBCC0A /* NoteCells */ = {
			isa = PBXGroup;
			children = (
				0C86ED09255B3AA500DBCC0A /* NoteTableViewCell.swift */,
				0C86ED0A255B3AA500DBCC0A /* NoteTableViewCell.xib */,
				0C86ED33255B3B5300DBCC0A /* NoteDetailTableViewCell.swift */,
				0C86ED34255B3B5300DBCC0A /* NoteDetailTableViewCell.xib */,
			);
			path = NoteCells;
			sourceTree = "<group>";
		};
		0C86ED22255B3ACD00DBCC0A /* ViewControllers */ = {
			isa = PBXGroup;
			children = (
				0C86ED04255B3A8700DBCC0A /* NotesTableViewController.swift */,
				0C86ED2E255B3B3600DBCC0A /* NoteDetailTableViewController.swift */,
			);
			path = ViewControllers;
			sourceTree = "<group>";
		};
		0C86ED26255B3AD400DBCC0A /* ViewModels */ = {
			isa = PBXGroup;
			children = (
				0C86ED10255B3AB200DBCC0A /* NoteTableViewModel.swift */,
				0C86ED3A255B3B6400DBCC0A /* NoteDetailViewModel.swift */,
			);
			path = ViewModels;
			sourceTree = "<group>";
		};
		0C86ED2A255B3AD900DBCC0A /* Models */ = {
			isa = PBXGroup;
			children = (
				0C86ED15255B3AB800DBCC0A /* Note.swift */,
			);
			path = Models;
			sourceTree = "<group>";
		};
		0C935BEB254387CA002C0701 = {
			isa = PBXGroup;
			children = (
				0C935BF6254387CA002C0701 /* PodClips */,
				0C935C0D254387CD002C0701 /* PodClipsTests */,
				0C935C18254387CD002C0701 /* PodClipsUITests */,
				0C935BF5254387CA002C0701 /* Products */,
			);
			sourceTree = "<group>";
		};
		0C935BF5254387CA002C0701 /* Products */ = {
			isa = PBXGroup;
			children = (
				0C935BF4254387CA002C0701 /* PodClips.app */,
				0C935C0A254387CD002C0701 /* PodClipsTests.xctest */,
				0C935C15254387CD002C0701 /* PodClipsUITests.xctest */,
			);
			name = Products;
			sourceTree = "<group>";
		};
		0C935BF6254387CA002C0701 /* PodClips */ = {
			isa = PBXGroup;
			children = (
				0C935BF7254387CA002C0701 /* AppDelegate.swift */,
				0C935BF9254387CA002C0701 /* SceneDelegate.swift */,
				0C935BFD254387CA002C0701 /* Main.storyboard */,
				0C935C00254387CC002C0701 /* Assets.xcassets */,
				0C935C02254387CC002C0701 /* LaunchScreen.storyboard */,
				0C935C05254387CC002C0701 /* Info.plist */,
				0C935C4625438A37002C0701 /* Categories */,
				0C86ECDC255B375000DBCC0A /* PodcastClips */,
				0C86ED1A255B3ABD00DBCC0A /* Notes */,
				0C86ED44255B3C2C00DBCC0A /* DataManager.swift */,
				0C86ED4C255B3C4B00DBCC0A /* ParentTableViewController.swift */,
				0C86ED51255B436500DBCC0A /* UserData.swift */,
				0C86ED56255B43A700DBCC0A /* UserDataError.swift */,
			);
			path = PodClips;
			sourceTree = "<group>";
		};
		0C935C0D254387CD002C0701 /* PodClipsTests */ = {
			isa = PBXGroup;
			children = (
				0C935C0E254387CD002C0701 /* PodClipsTests.swift */,
				0C935C10254387CD002C0701 /* Info.plist */,
			);
			path = PodClipsTests;
			sourceTree = "<group>";
		};
		0C935C18254387CD002C0701 /* PodClipsUITests */ = {
			isa = PBXGroup;
			children = (
				0C935C19254387CD002C0701 /* PodClipsUITests.swift */,
				0C935C1B254387CD002C0701 /* Info.plist */,
			);
			path = PodClipsUITests;
			sourceTree = "<group>";
		};
		0C935C4625438A37002C0701 /* Categories */ = {
			isa = PBXGroup;
			children = (
				0C935C5125438A54002C0701 /* ViewControllers */,
				0C935C4D25438A49002C0701 /* CategoryCells */,
				0C935C6025438B02002C0701 /* ViewModels */,
				0C935C7225438B11002C0701 /* Models */,
			);
			path = Categories;
			sourceTree = "<group>";
		};
		0C935C4D25438A49002C0701 /* CategoryCells */ = {
			isa = PBXGroup;
			children = (
				0C935C3F25438A30002C0701 /* CategoryTableViewCell.swift */,
				0C935C4025438A30002C0701 /* CategoryTableViewCell.xib */,
			);
			path = CategoryCells;
			sourceTree = "<group>";
		};
		0C935C5125438A54002C0701 /* ViewControllers */ = {
			isa = PBXGroup;
			children = (
				0C935C3A254389B4002C0701 /* CategoriesTableViewController.swift */,
			);
			path = ViewControllers;
			sourceTree = "<group>";
		};
		0C935C6025438B02002C0701 /* ViewModels */ = {
			isa = PBXGroup;
			children = (
				0C935C5B25438AFD002C0701 /* CategoriesTableViewModel.swift */,
			);
			path = ViewModels;
			sourceTree = "<group>";
		};
		0C935C7225438B11002C0701 /* Models */ = {
			isa = PBXGroup;
			children = (
				0C935C6D25438B0D002C0701 /* Category.swift */,
			);
			path = Models;
			sourceTree = "<group>";
		};
/* End PBXGroup section */

/* Begin PBXNativeTarget section */
		0C935BF3254387CA002C0701 /* PodClips */ = {
			isa = PBXNativeTarget;
			buildConfigurationList = 0C935C1E254387CD002C0701 /* Build configuration list for PBXNativeTarget "PodClips" */;
			buildPhases = (
				0C935BF0254387CA002C0701 /* Sources */,
				0C935BF1254387CA002C0701 /* Frameworks */,
				0C935BF2254387CA002C0701 /* Resources */,
			);
			buildRules = (
			);
			dependencies = (
			);
			name = PodClips;
			productName = PodClips;
			productReference = 0C935BF4254387CA002C0701 /* PodClips.app */;
			productType = "com.apple.product-type.application";
		};
		0C935C09254387CD002C0701 /* PodClipsTests */ = {
			isa = PBXNativeTarget;
			buildConfigurationList = 0C935C21254387CD002C0701 /* Build configuration list for PBXNativeTarget "PodClipsTests" */;
			buildPhases = (
				0C935C06254387CD002C0701 /* Sources */,
				0C935C07254387CD002C0701 /* Frameworks */,
				0C935C08254387CD002C0701 /* Resources */,
			);
			buildRules = (
			);
			dependencies = (
				0C935C0C254387CD002C0701 /* PBXTargetDependency */,
			);
			name = PodClipsTests;
			productName = PodClipsTests;
			productReference = 0C935C0A254387CD002C0701 /* PodClipsTests.xctest */;
			productType = "com.apple.product-type.bundle.unit-test";
		};
		0C935C14254387CD002C0701 /* PodClipsUITests */ = {
			isa = PBXNativeTarget;
			buildConfigurationList = 0C935C24254387CD002C0701 /* Build configuration list for PBXNativeTarget "PodClipsUITests" */;
			buildPhases = (
				0C935C11254387CD002C0701 /* Sources */,
				0C935C12254387CD002C0701 /* Frameworks */,
				0C935C13254387CD002C0701 /* Resources */,
			);
			buildRules = (
			);
			dependencies = (
				0C935C17254387CD002C0701 /* PBXTargetDependency */,
			);
			name = PodClipsUITests;
			productName = PodClipsUITests;
			productReference = 0C935C15254387CD002C0701 /* PodClipsUITests.xctest */;
			productType = "com.apple.product-type.bundle.ui-testing";
		};
/* End PBXNativeTarget section */

/* Begin PBXProject section */
		0C935BEC254387CA002C0701 /* Project object */ = {
			isa = PBXProject;
			attributes = {
				LastSwiftUpdateCheck = 1210;
				LastUpgradeCheck = 1210;
				TargetAttributes = {
					0C935BF3254387CA002C0701 = {
						CreatedOnToolsVersion = 12.1;
					};
					0C935C09254387CD002C0701 = {
						CreatedOnToolsVersion = 12.1;
						TestTargetID = 0C935BF3254387CA002C0701;
					};
					0C935C14254387CD002C0701 = {
						CreatedOnToolsVersion = 12.1;
						TestTargetID = 0C935BF3254387CA002C0701;
					};
				};
			};
			buildConfigurationList = 0C935BEF254387CA002C0701 /* Build configuration list for PBXProject "PodClips" */;
			compatibilityVersion = "Xcode 9.3";
			developmentRegion = en;
			hasScannedForEncodings = 0;
			knownRegions = (
				en,
				Base,
			);
			mainGroup = 0C935BEB254387CA002C0701;
			productRefGroup = 0C935BF5254387CA002C0701 /* Products */;
			projectDirPath = "";
			projectRoot = "";
			targets = (
				0C935BF3254387CA002C0701 /* PodClips */,
				0C935C09254387CD002C0701 /* PodClipsTests */,
				0C935C14254387CD002C0701 /* PodClipsUITests */,
			);
		};
/* End PBXProject section */

/* Begin PBXResourcesBuildPhase section */
		0C935BF2254387CA002C0701 /* Resources */ = {
			isa = PBXResourcesBuildPhase;
			buildActionMask = 2147483647;
			files = (
				0C935C04254387CC002C0701 /* LaunchScreen.storyboard in Resources */,
				0C935C01254387CC002C0701 /* Assets.xcassets in Resources */,
				0C86ECEA255B379200DBCC0A /* CategoryDetailTableViewCell.xib in Resources */,
				0C86ED36255B3B5300DBCC0A /* NoteDetailTableViewCell.xib in Resources */,
				0C86ED0C255B3AA500DBCC0A /* NoteTableViewCell.xib in Resources */,
				0C935BFF254387CA002C0701 /* Main.storyboard in Resources */,
				0C935C4225438A30002C0701 /* CategoryTableViewCell.xib in Resources */,
			);
			runOnlyForDeploymentPostprocessing = 0;
		};
		0C935C08254387CD002C0701 /* Resources */ = {
			isa = PBXResourcesBuildPhase;
			buildActionMask = 2147483647;
			files = (
			);
			runOnlyForDeploymentPostprocessing = 0;
		};
		0C935C13254387CD002C0701 /* Resources */ = {
			isa = PBXResourcesBuildPhase;
			buildActionMask = 2147483647;
			files = (
			);
			runOnlyForDeploymentPostprocessing = 0;
		};
/* End PBXResourcesBuildPhase section */

/* Begin PBXSourcesBuildPhase section */
		0C935BF0254387CA002C0701 /* Sources */ = {
			isa = PBXSourcesBuildPhase;
			buildActionMask = 2147483647;
			files = (
				0C935C4125438A30002C0701 /* CategoryTableViewCell.swift in Sources */,
				0C86ECE9255B379200DBCC0A /* CategoryDetailTableViewCell.swift in Sources */,
				0C86ED2F255B3B3600DBCC0A /* NoteDetailTableViewController.swift in Sources */,
				0C86ECF3255B37C900DBCC0A /* CategoryDetailTableViewModel.swift in Sources */,
				0C86ED4D255B3C4B00DBCC0A /* ParentTableViewController.swift in Sources */,
				0C86ED0B255B3AA500DBCC0A /* NoteTableViewCell.swift in Sources */,
				0C86ECD8255B373400DBCC0A /* CategoryDetailTableViewController.swift in Sources */,
				0C86ECFC255B37E900DBCC0A /* PodcastClip.swift in Sources */,
				0C935BF8254387CA002C0701 /* AppDelegate.swift in Sources */,
				0C86ED11255B3AB200DBCC0A /* NoteTableViewModel.swift in Sources */,
				0C935BFA254387CA002C0701 /* SceneDelegate.swift in Sources */,
				0C86ED57255B43A700DBCC0A /* UserDataError.swift in Sources */,
				0C86ED35255B3B5300DBCC0A /* NoteDetailTableViewCell.swift in Sources */,
				0C86ED16255B3AB800DBCC0A /* Note.swift in Sources */,
				0C86ED3B255B3B6400DBCC0A /* NoteDetailViewModel.swift in Sources */,
				0C86ED45255B3C2C00DBCC0A /* DataManager.swift in Sources */,
				0C935C5C25438AFD002C0701 /* CategoriesTableViewModel.swift in Sources */,
				0C935C3B254389B4002C0701 /* CategoriesTableViewController.swift in Sources */,
				0C935C6E25438B0D002C0701 /* Category.swift in Sources */,
				0C86ED52255B436500DBCC0A /* UserData.swift in Sources */,
				0C86ED05255B3A8700DBCC0A /* NotesTableViewController.swift in Sources */,
			);
			runOnlyForDeploymentPostprocessing = 0;
		};
		0C935C06254387CD002C0701 /* Sources */ = {
			isa = PBXSourcesBuildPhase;
			buildActionMask = 2147483647;
			files = (
				0C935C0F254387CD002C0701 /* PodClipsTests.swift in Sources */,
			);
			runOnlyForDeploymentPostprocessing = 0;
		};
		0C935C11254387CD002C0701 /* Sources */ = {
			isa = PBXSourcesBuildPhase;
			buildActionMask = 2147483647;
			files = (
				0C935C1A254387CD002C0701 /* PodClipsUITests.swift in Sources */,
			);
			runOnlyForDeploymentPostprocessing = 0;
		};
/* End PBXSourcesBuildPhase section */

/* Begin PBXTargetDependency section */
		0C935C0C254387CD002C0701 /* PBXTargetDependency */ = {
			isa = PBXTargetDependency;
			target = 0C935BF3254387CA002C0701 /* PodClips */;
			targetProxy = 0C935C0B254387CD002C0701 /* PBXContainerItemProxy */;
		};
		0C935C17254387CD002C0701 /* PBXTargetDependency */ = {
			isa = PBXTargetDependency;
			target = 0C935BF3254387CA002C0701 /* PodClips */;
			targetProxy = 0C935C16254387CD002C0701 /* PBXContainerItemProxy */;
		};
/* End PBXTargetDependency section */

/* Begin PBXVariantGroup section */
		0C935BFD254387CA002C0701 /* Main.storyboard */ = {
			isa = PBXVariantGroup;
			children = (
				0C935BFE254387CA002C0701 /* Base */,
			);
			name = Main.storyboard;
			sourceTree = "<group>";
		};
		0C935C02254387CC002C0701 /* LaunchScreen.storyboard */ = {
			isa = PBXVariantGroup;
			children = (
				0C935C03254387CC002C0701 /* Base */,
			);
			name = LaunchScreen.storyboard;
			sourceTree = "<group>";
		};
/* End PBXVariantGroup section */

/* Begin XCBuildConfiguration section */
		0C935C1C254387CD002C0701 /* Debug */ = {
			isa = XCBuildConfiguration;
			buildSettings = {
				ALWAYS_SEARCH_USER_PATHS = NO;
				CLANG_ANALYZER_NONNULL = YES;
				CLANG_ANALYZER_NUMBER_OBJECT_CONVERSION = YES_AGGRESSIVE;
				CLANG_CXX_LANGUAGE_STANDARD = "gnu++14";
				CLANG_CXX_LIBRARY = "libc++";
				CLANG_ENABLE_MODULES = YES;
				CLANG_ENABLE_OBJC_ARC = YES;
				CLANG_ENABLE_OBJC_WEAK = YES;
				CLANG_WARN_BLOCK_CAPTURE_AUTORELEASING = YES;
				CLANG_WARN_BOOL_CONVERSION = YES;
				CLANG_WARN_COMMA = YES;
				CLANG_WARN_CONSTANT_CONVERSION = YES;
				CLANG_WARN_DEPRECATED_OBJC_IMPLEMENTATIONS = YES;
				CLANG_WARN_DIRECT_OBJC_ISA_USAGE = YES_ERROR;
				CLANG_WARN_DOCUMENTATION_COMMENTS = YES;
				CLANG_WARN_EMPTY_BODY = YES;
				CLANG_WARN_ENUM_CONVERSION = YES;
				CLANG_WARN_INFINITE_RECURSION = YES;
				CLANG_WARN_INT_CONVERSION = YES;
				CLANG_WARN_NON_LITERAL_NULL_CONVERSION = YES;
				CLANG_WARN_OBJC_IMPLICIT_RETAIN_SELF = YES;
				CLANG_WARN_OBJC_LITERAL_CONVERSION = YES;
				CLANG_WARN_OBJC_ROOT_CLASS = YES_ERROR;
				CLANG_WARN_QUOTED_INCLUDE_IN_FRAMEWORK_HEADER = YES;
				CLANG_WARN_RANGE_LOOP_ANALYSIS = YES;
				CLANG_WARN_STRICT_PROTOTYPES = YES;
				CLANG_WARN_SUSPICIOUS_MOVE = YES;
				CLANG_WARN_UNGUARDED_AVAILABILITY = YES_AGGRESSIVE;
				CLANG_WARN_UNREACHABLE_CODE = YES;
				CLANG_WARN__DUPLICATE_METHOD_MATCH = YES;
				COPY_PHASE_STRIP = NO;
				DEBUG_INFORMATION_FORMAT = dwarf;
				ENABLE_STRICT_OBJC_MSGSEND = YES;
				ENABLE_TESTABILITY = YES;
				GCC_C_LANGUAGE_STANDARD = gnu11;
				GCC_DYNAMIC_NO_PIC = NO;
				GCC_NO_COMMON_BLOCKS = YES;
				GCC_OPTIMIZATION_LEVEL = 0;
				GCC_PREPROCESSOR_DEFINITIONS = (
					"DEBUG=1",
					"$(inherited)",
				);
				GCC_WARN_64_TO_32_BIT_CONVERSION = YES;
				GCC_WARN_ABOUT_RETURN_TYPE = YES_ERROR;
				GCC_WARN_UNDECLARED_SELECTOR = YES;
				GCC_WARN_UNINITIALIZED_AUTOS = YES_AGGRESSIVE;
				GCC_WARN_UNUSED_FUNCTION = YES;
				GCC_WARN_UNUSED_VARIABLE = YES;
				IPHONEOS_DEPLOYMENT_TARGET = 14.1;
				MTL_ENABLE_DEBUG_INFO = INCLUDE_SOURCE;
				MTL_FAST_MATH = YES;
				ONLY_ACTIVE_ARCH = YES;
				SDKROOT = iphoneos;
				SWIFT_ACTIVE_COMPILATION_CONDITIONS = DEBUG;
				SWIFT_OPTIMIZATION_LEVEL = "-Onone";
			};
			name = Debug;
		};
		0C935C1D254387CD002C0701 /* Release */ = {
			isa = XCBuildConfiguration;
			buildSettings = {
				ALWAYS_SEARCH_USER_PATHS = NO;
				CLANG_ANALYZER_NONNULL = YES;
				CLANG_ANALYZER_NUMBER_OBJECT_CONVERSION = YES_AGGRESSIVE;
				CLANG_CXX_LANGUAGE_STANDARD = "gnu++14";
				CLANG_CXX_LIBRARY = "libc++";
				CLANG_ENABLE_MODULES = YES;
				CLANG_ENABLE_OBJC_ARC = YES;
				CLANG_ENABLE_OBJC_WEAK = YES;
				CLANG_WARN_BLOCK_CAPTURE_AUTORELEASING = YES;
				CLANG_WARN_BOOL_CONVERSION = YES;
				CLANG_WARN_COMMA = YES;
				CLANG_WARN_CONSTANT_CONVERSION = YES;
				CLANG_WARN_DEPRECATED_OBJC_IMPLEMENTATIONS = YES;
				CLANG_WARN_DIRECT_OBJC_ISA_USAGE = YES_ERROR;
				CLANG_WARN_DOCUMENTATION_COMMENTS = YES;
				CLANG_WARN_EMPTY_BODY = YES;
				CLANG_WARN_ENUM_CONVERSION = YES;
				CLANG_WARN_INFINITE_RECURSION = YES;
				CLANG_WARN_INT_CONVERSION = YES;
				CLANG_WARN_NON_LITERAL_NULL_CONVERSION = YES;
				CLANG_WARN_OBJC_IMPLICIT_RETAIN_SELF = YES;
				CLANG_WARN_OBJC_LITERAL_CONVERSION = YES;
				CLANG_WARN_OBJC_ROOT_CLASS = YES_ERROR;
				CLANG_WARN_QUOTED_INCLUDE_IN_FRAMEWORK_HEADER = YES;
				CLANG_WARN_RANGE_LOOP_ANALYSIS = YES;
				CLANG_WARN_STRICT_PROTOTYPES = YES;
				CLANG_WARN_SUSPICIOUS_MOVE = YES;
				CLANG_WARN_UNGUARDED_AVAILABILITY = YES_AGGRESSIVE;
				CLANG_WARN_UNREACHABLE_CODE = YES;
				CLANG_WARN__DUPLICATE_METHOD_MATCH = YES;
				COPY_PHASE_STRIP = NO;
				DEBUG_INFORMATION_FORMAT = "dwarf-with-dsym";
				ENABLE_NS_ASSERTIONS = NO;
				ENABLE_STRICT_OBJC_MSGSEND = YES;
				GCC_C_LANGUAGE_STANDARD = gnu11;
				GCC_NO_COMMON_BLOCKS = YES;
				GCC_WARN_64_TO_32_BIT_CONVERSION = YES;
				GCC_WARN_ABOUT_RETURN_TYPE = YES_ERROR;
				GCC_WARN_UNDECLARED_SELECTOR = YES;
				GCC_WARN_UNINITIALIZED_AUTOS = YES_AGGRESSIVE;
				GCC_WARN_UNUSED_FUNCTION = YES;
				GCC_WARN_UNUSED_VARIABLE = YES;
				IPHONEOS_DEPLOYMENT_TARGET = 14.1;
				MTL_ENABLE_DEBUG_INFO = NO;
				MTL_FAST_MATH = YES;
				SDKROOT = iphoneos;
				SWIFT_COMPILATION_MODE = wholemodule;
				SWIFT_OPTIMIZATION_LEVEL = "-O";
				VALIDATE_PRODUCT = YES;
			};
			name = Release;
		};
		0C935C1F254387CD002C0701 /* Debug */ = {
			isa = XCBuildConfiguration;
			buildSettings = {
				ASSETCATALOG_COMPILER_APPICON_NAME = AppIcon;
				ASSETCATALOG_COMPILER_GLOBAL_ACCENT_COLOR_NAME = AccentColor;
				CODE_SIGN_STYLE = Automatic;
				DEVELOPMENT_TEAM = CKZ7HZ294Y;
				INFOPLIST_FILE = PodClips/Info.plist;
				LD_RUNPATH_SEARCH_PATHS = (
					"$(inherited)",
					"@executable_path/Frameworks",
				);
				PRODUCT_BUNDLE_IDENTIFIER = com.rossharding.PodClips;
				PRODUCT_NAME = "$(TARGET_NAME)";
				SWIFT_VERSION = 5.0;
				TARGETED_DEVICE_FAMILY = "1,2";
			};
			name = Debug;
		};
		0C935C20254387CD002C0701 /* Release */ = {
			isa = XCBuildConfiguration;
			buildSettings = {
				ASSETCATALOG_COMPILER_APPICON_NAME = AppIcon;
				ASSETCATALOG_COMPILER_GLOBAL_ACCENT_COLOR_NAME = AccentColor;
				CODE_SIGN_STYLE = Automatic;
				DEVELOPMENT_TEAM = CKZ7HZ294Y;
				INFOPLIST_FILE = PodClips/Info.plist;
				LD_RUNPATH_SEARCH_PATHS = (
					"$(inherited)",
					"@executable_path/Frameworks",
				);
				PRODUCT_BUNDLE_IDENTIFIER = com.rossharding.PodClips;
				PRODUCT_NAME = "$(TARGET_NAME)";
				SWIFT_VERSION = 5.0;
				TARGETED_DEVICE_FAMILY = "1,2";
			};
			name = Release;
		};
		0C935C22254387CD002C0701 /* Debug */ = {
			isa = XCBuildConfiguration;
			buildSettings = {
				ALWAYS_EMBED_SWIFT_STANDARD_LIBRARIES = YES;
				BUNDLE_LOADER = "$(TEST_HOST)";
				CODE_SIGN_STYLE = Automatic;
				DEVELOPMENT_TEAM = CKZ7HZ294Y;
				INFOPLIST_FILE = PodClipsTests/Info.plist;
				IPHONEOS_DEPLOYMENT_TARGET = 14.1;
				LD_RUNPATH_SEARCH_PATHS = (
					"$(inherited)",
					"@executable_path/Frameworks",
					"@loader_path/Frameworks",
				);
				PRODUCT_BUNDLE_IDENTIFIER = com.rossharding.PodClipsTests;
				PRODUCT_NAME = "$(TARGET_NAME)";
				SWIFT_VERSION = 5.0;
				TARGETED_DEVICE_FAMILY = "1,2";
				TEST_HOST = "$(BUILT_PRODUCTS_DIR)/PodClips.app/PodClips";
			};
			name = Debug;
		};
		0C935C23254387CD002C0701 /* Release */ = {
			isa = XCBuildConfiguration;
			buildSettings = {
				ALWAYS_EMBED_SWIFT_STANDARD_LIBRARIES = YES;
				BUNDLE_LOADER = "$(TEST_HOST)";
				CODE_SIGN_STYLE = Automatic;
				DEVELOPMENT_TEAM = CKZ7HZ294Y;
				INFOPLIST_FILE = PodClipsTests/Info.plist;
				IPHONEOS_DEPLOYMENT_TARGET = 14.1;
				LD_RUNPATH_SEARCH_PATHS = (
					"$(inherited)",
					"@executable_path/Frameworks",
					"@loader_path/Frameworks",
				);
				PRODUCT_BUNDLE_IDENTIFIER = com.rossharding.PodClipsTests;
				PRODUCT_NAME = "$(TARGET_NAME)";
				SWIFT_VERSION = 5.0;
				TARGETED_DEVICE_FAMILY = "1,2";
				TEST_HOST = "$(BUILT_PRODUCTS_DIR)/PodClips.app/PodClips";
			};
			name = Release;
		};
		0C935C25254387CD002C0701 /* Debug */ = {
			isa = XCBuildConfiguration;
			buildSettings = {
				ALWAYS_EMBED_SWIFT_STANDARD_LIBRARIES = YES;
				CODE_SIGN_STYLE = Automatic;
				DEVELOPMENT_TEAM = CKZ7HZ294Y;
				INFOPLIST_FILE = PodClipsUITests/Info.plist;
				LD_RUNPATH_SEARCH_PATHS = (
					"$(inherited)",
					"@executable_path/Frameworks",
					"@loader_path/Frameworks",
				);
				PRODUCT_BUNDLE_IDENTIFIER = com.rossharding.PodClipsUITests;
				PRODUCT_NAME = "$(TARGET_NAME)";
				SWIFT_VERSION = 5.0;
				TARGETED_DEVICE_FAMILY = "1,2";
				TEST_TARGET_NAME = PodClips;
			};
			name = Debug;
		};
		0C935C26254387CD002C0701 /* Release */ = {
			isa = XCBuildConfiguration;
			buildSettings = {
				ALWAYS_EMBED_SWIFT_STANDARD_LIBRARIES = YES;
				CODE_SIGN_STYLE = Automatic;
				DEVELOPMENT_TEAM = CKZ7HZ294Y;
				INFOPLIST_FILE = PodClipsUITests/Info.plist;
				LD_RUNPATH_SEARCH_PATHS = (
					"$(inherited)",
					"@executable_path/Frameworks",
					"@loader_path/Frameworks",
				);
				PRODUCT_BUNDLE_IDENTIFIER = com.rossharding.PodClipsUITests;
				PRODUCT_NAME = "$(TARGET_NAME)";
				SWIFT_VERSION = 5.0;
				TARGETED_DEVICE_FAMILY = "1,2";
				TEST_TARGET_NAME = PodClips;
			};
			name = Release;
		};
/* End XCBuildConfiguration section */

/* Begin XCConfigurationList section */
		0C935BEF254387CA002C0701 /* Build configuration list for PBXProject "PodClips" */ = {
			isa = XCConfigurationList;
			buildConfigurations = (
				0C935C1C254387CD002C0701 /* Debug */,
				0C935C1D254387CD002C0701 /* Release */,
			);
			defaultConfigurationIsVisible = 0;
			defaultConfigurationName = Release;
		};
		0C935C1E254387CD002C0701 /* Build configuration list for PBXNativeTarget "PodClips" */ = {
			isa = XCConfigurationList;
			buildConfigurations = (
				0C935C1F254387CD002C0701 /* Debug */,
				0C935C20254387CD002C0701 /* Release */,
			);
			defaultConfigurationIsVisible = 0;
			defaultConfigurationName = Release;
		};
		0C935C21254387CD002C0701 /* Build configuration list for PBXNativeTarget "PodClipsTests" */ = {
			isa = XCConfigurationList;
			buildConfigurations = (
				0C935C22254387CD002C0701 /* Debug */,
				0C935C23254387CD002C0701 /* Release */,
			);
			defaultConfigurationIsVisible = 0;
			defaultConfigurationName = Release;
		};
		0C935C24254387CD002C0701 /* Build configuration list for PBXNativeTarget "PodClipsUITests" */ = {
			isa = XCConfigurationList;
			buildConfigurations = (
				0C935C25254387CD002C0701 /* Debug */,
				0C935C26254387CD002C0701 /* Release */,
			);
			defaultConfigurationIsVisible = 0;
			defaultConfigurationName = Release;
		};
/* End XCConfigurationList section */
	};
	rootObject = 0C935BEC254387CA002C0701 /* Project object */;
}
